// !$*UTF8*$!
{
	archiveVersion = 1;
	classes = {
	};
	objectVersion = 46;
	objects = {

/* Begin PBXBuildFile section */
		7E7DC71C6D04F230AE3D816C /* Pods_FireBaseApp.framework in Frameworks */ = {isa = PBXBuildFile; fileRef = 772E72C701262ED448EDD39B /* Pods_FireBaseApp.framework */; };
		877A17EC1D2CC6B3003FDC85 /* GoogleService-Info.plist in Resources */ = {isa = PBXBuildFile; fileRef = 877A17EB1D2CC6B3003FDC85 /* GoogleService-Info.plist */; };
		87DFD5F01D2B6A7A005E1C0B /* AppDelegate.swift in Sources */ = {isa = PBXBuildFile; fileRef = 87DFD5EF1D2B6A7A005E1C0B /* AppDelegate.swift */; };
		87DFD5F21D2B6A7A005E1C0B /* ViewController.swift in Sources */ = {isa = PBXBuildFile; fileRef = 87DFD5F11D2B6A7A005E1C0B /* ViewController.swift */; };
		87DFD5F51D2B6A7A005E1C0B /* Main.storyboard in Resources */ = {isa = PBXBuildFile; fileRef = 87DFD5F31D2B6A7A005E1C0B /* Main.storyboard */; };
		87DFD5F71D2B6A7A005E1C0B /* Assets.xcassets in Resources */ = {isa = PBXBuildFile; fileRef = 87DFD5F61D2B6A7A005E1C0B /* Assets.xcassets */; };
		87DFD5FA1D2B6A7A005E1C0B /* LaunchScreen.storyboard in Resources */ = {isa = PBXBuildFile; fileRef = 87DFD5F81D2B6A7A005E1C0B /* LaunchScreen.storyboard */; };
		87DFD6031D2B6D59005E1C0B /* LoginController.swift in Sources */ = {isa = PBXBuildFile; fileRef = 87DFD6021D2B6D59005E1C0B /* LoginController.swift */; };
/* End PBXBuildFile section */

/* Begin PBXFileReference section */
		45E25FF8D85AAEFC19D40642 /* Pods-FireBaseApp.release.xcconfig */ = {isa = PBXFileReference; includeInIndex = 1; lastKnownFileType = text.xcconfig; name = "Pods-FireBaseApp.release.xcconfig"; path = "Pods/Target Support Files/Pods-FireBaseApp/Pods-FireBaseApp.release.xcconfig"; sourceTree = "<group>"; };
		772E72C701262ED448EDD39B /* Pods_FireBaseApp.framework */ = {isa = PBXFileReference; explicitFileType = wrapper.framework; includeInIndex = 0; path = Pods_FireBaseApp.framework; sourceTree = BUILT_PRODUCTS_DIR; };
		877A17EB1D2CC6B3003FDC85 /* GoogleService-Info.plist */ = {isa = PBXFileReference; fileEncoding = 4; lastKnownFileType = text.plist.xml; path = "GoogleService-Info.plist"; sourceTree = "<group>"; };
		87DFD5EC1D2B6A7A005E1C0B /* FireBaseApp.app */ = {isa = PBXFileReference; explicitFileType = wrapper.application; includeInIndex = 0; path = FireBaseApp.app; sourceTree = BUILT_PRODUCTS_DIR; };
		87DFD5EF1D2B6A7A005E1C0B /* AppDelegate.swift */ = {isa = PBXFileReference; lastKnownFileType = sourcecode.swift; path = AppDelegate.swift; sourceTree = "<group>"; };
		87DFD5F11D2B6A7A005E1C0B /* ViewController.swift */ = {isa = PBXFileReference; lastKnownFileType = sourcecode.swift; path = ViewController.swift; sourceTree = "<group>"; };
		87DFD5F41D2B6A7A005E1C0B /* Base */ = {isa = PBXFileReference; lastKnownFileType = file.storyboard; name = Base; path = Base.lproj/Main.storyboard; sourceTree = "<group>"; };
		87DFD5F61D2B6A7A005E1C0B /* Assets.xcassets */ = {isa = PBXFileReference; lastKnownFileType = folder.assetcatalog; path = Assets.xcassets; sourceTree = "<group>"; };
		87DFD5F91D2B6A7A005E1C0B /* Base */ = {isa = PBXFileReference; lastKnownFileType = file.storyboard; name = Base; path = Base.lproj/LaunchScreen.storyboard; sourceTree = "<group>"; };
		87DFD5FB1D2B6A7A005E1C0B /* Info.plist */ = {isa = PBXFileReference; lastKnownFileType = text.plist.xml; path = Info.plist; sourceTree = "<group>"; };
		87DFD6021D2B6D59005E1C0B /* LoginController.swift */ = {isa = PBXFileReference; fileEncoding = 4; lastKnownFileType = sourcecode.swift; path = LoginController.swift; sourceTree = "<group>"; };
		B254C963575A2E3D6AFFEC3D /* Pods-FireBaseApp.debug.xcconfig */ = {isa = PBXFileReference; includeInIndex = 1; lastKnownFileType = text.xcconfig; name = "Pods-FireBaseApp.debug.xcconfig"; path = "Pods/Target Support Files/Pods-FireBaseApp/Pods-FireBaseApp.debug.xcconfig"; sourceTree = "<group>"; };
/* End PBXFileReference section */

/* Begin PBXFrameworksBuildPhase section */
		87DFD5E91D2B6A7A005E1C0B /* Frameworks */ = {
			isa = PBXFrameworksBuildPhase;
			buildActionMask = 2147483647;
			files = (
				7E7DC71C6D04F230AE3D816C /* Pods_FireBaseApp.framework in Frameworks */,
			);
			runOnlyForDeploymentPostprocessing = 0;
		};
/* End PBXFrameworksBuildPhase section */

/* Begin PBXGroup section */
		1EA12268E6D9500784159356 /* Frameworks */ = {
			isa = PBXGroup;
			children = (
				772E72C701262ED448EDD39B /* Pods_FireBaseApp.framework */,
			);
			name = Frameworks;
			sourceTree = "<group>";
		};
		87DFD5E31D2B6A7A005E1C0B = {
			isa = PBXGroup;
			children = (
				87DFD5EE1D2B6A7A005E1C0B /* FireBaseApp */,
				87DFD5ED1D2B6A7A005E1C0B /* Products */,
				FA30B87C6F2302EDD14FDEA9 /* Pods */,
				1EA12268E6D9500784159356 /* Frameworks */,
			);
			sourceTree = "<group>";
		};
		87DFD5ED1D2B6A7A005E1C0B /* Products */ = {
			isa = PBXGroup;
			children = (
				87DFD5EC1D2B6A7A005E1C0B /* FireBaseApp.app */,
			);
			name = Products;
			sourceTree = "<group>";
		};
		87DFD5EE1D2B6A7A005E1C0B /* FireBaseApp */ = {
			isa = PBXGroup;
			children = (
				87DFD6011D2B6CED005E1C0B /* Controller */,
				87DFD5EF1D2B6A7A005E1C0B /* AppDelegate.swift */,
				87DFD5F31D2B6A7A005E1C0B /* Main.storyboard */,
				87DFD5F61D2B6A7A005E1C0B /* Assets.xcassets */,
				87DFD5F81D2B6A7A005E1C0B /* LaunchScreen.storyboard */,
				87DFD5FB1D2B6A7A005E1C0B /* Info.plist */,
				877A17EB1D2CC6B3003FDC85 /* GoogleService-Info.plist */,
			);
			path = FireBaseApp;
			sourceTree = "<group>";
		};
		87DFD6011D2B6CED005E1C0B /* Controller */ = {
			isa = PBXGroup;
			children = (
				87DFD6021D2B6D59005E1C0B /* LoginController.swift */,
				87DFD5F11D2B6A7A005E1C0B /* ViewController.swift */,
			);
			name = Controller;
			sourceTree = "<group>";
		};
		FA30B87C6F2302EDD14FDEA9 /* Pods */ = {
			isa = PBXGroup;
			children = (
				B254C963575A2E3D6AFFEC3D /* Pods-FireBaseApp.debug.xcconfig */,
				45E25FF8D85AAEFC19D40642 /* Pods-FireBaseApp.release.xcconfig */,
			);
			name = Pods;
			sourceTree = "<group>";
		};
/* End PBXGroup section */

/* Begin PBXNativeTarget section */
		87DFD5EB1D2B6A7A005E1C0B /* FireBaseApp */ = {
			isa = PBXNativeTarget;
			buildConfigurationList = 87DFD5FE1D2B6A7A005E1C0B /* Build configuration list for PBXNativeTarget "FireBaseApp" */;
			buildPhases = (
				F56498310FAD118E46F37D3E /* [CP] Check Pods Manifest.lock */,
				87DFD5E81D2B6A7A005E1C0B /* Sources */,
				87DFD5E91D2B6A7A005E1C0B /* Frameworks */,
				87DFD5EA1D2B6A7A005E1C0B /* Resources */,
				6AC0771DC681DE9DD495CD92 /* [CP] Embed Pods Frameworks */,
				193068D46E54BE272F228216 /* [CP] Copy Pods Resources */,
			);
			buildRules = (
			);
			dependencies = (
			);
			name = FireBaseApp;
			productName = FireBaseApp;
			productReference = 87DFD5EC1D2B6A7A005E1C0B /* FireBaseApp.app */;
			productType = "com.apple.product-type.application";
		};
/* End PBXNativeTarget section */

/* Begin PBXProject section */
		87DFD5E41D2B6A7A005E1C0B /* Project object */ = {
			isa = PBXProject;
			attributes = {
				LastSwiftUpdateCheck = 0730;
				LastUpgradeCheck = 0730;
				ORGANIZATIONNAME = "Jian Su";
				TargetAttributes = {
					87DFD5EB1D2B6A7A005E1C0B = {
						CreatedOnToolsVersion = 7.3.1;
					};
				};
			};
			buildConfigurationList = 87DFD5E71D2B6A7A005E1C0B /* Build configuration list for PBXProject "FireBaseApp" */;
			compatibilityVersion = "Xcode 3.2";
			developmentRegion = English;
			hasScannedForEncodings = 0;
			knownRegions = (
				en,
				Base,
			);
			mainGroup = 87DFD5E31D2B6A7A005E1C0B;
			productRefGroup = 87DFD5ED1D2B6A7A005E1C0B /* Products */;
			projectDirPath = "";
			projectRoot = "";
			targets = (
				87DFD5EB1D2B6A7A005E1C0B /* FireBaseApp */,
			);
		};
/* End PBXProject section */

/* Begin PBXResourcesBuildPhase section */
		87DFD5EA1D2B6A7A005E1C0B /* Resources */ = {
			isa = PBXResourcesBuildPhase;
			buildActionMask = 2147483647;
			files = (
				87DFD5FA1D2B6A7A005E1C0B /* LaunchScreen.storyboard in Resources */,
				877A17EC1D2CC6B3003FDC85 /* GoogleService-Info.plist in Resources */,
				87DFD5F71D2B6A7A005E1C0B /* Assets.xcassets in Resources */,
				87DFD5F51D2B6A7A005E1C0B /* Main.storyboard in Resources */,
			);
			runOnlyForDeploymentPostprocessing = 0;
		};
/* End PBXResourcesBuildPhase section */

/* Begin PBXShellScriptBuildPhase section */
		193068D46E54BE272F228216 /* [CP] Copy Pods Resources */ = {
			isa = PBXShellScriptBuildPhase;
			buildActionMask = 2147483647;
			files = (
			);
			inputPaths = (
			);
			name = "[CP] Copy Pods Resources";
			outputPaths = (
			);
			runOnlyForDeploymentPostprocessing = 0;
			shellPath = /bin/sh;
			shellScript = "\"${SRCROOT}/Pods/Target Support Files/Pods-FireBaseApp/Pods-FireBaseApp-resources.sh\"\n";
			showEnvVarsInLog = 0;
		};
		6AC0771DC681DE9DD495CD92 /* [CP] Embed Pods Frameworks */ = {
			isa = PBXShellScriptBuildPhase;
			buildActionMask = 2147483647;
			files = (
			);
			inputPaths = (
			);
			name = "[CP] Embed Pods Frameworks";
			outputPaths = (
			);
			runOnlyForDeploymentPostprocessing = 0;
			shellPath = /bin/sh;
			shellScript = "\"${SRCROOT}/Pods/Target Support Files/Pods-FireBaseApp/Pods-FireBaseApp-frameworks.sh\"\n";
			showEnvVarsInLog = 0;
		};
		F56498310FAD118E46F37D3E /* [CP] Check Pods Manifest.lock */ = {
			isa = PBXShellScriptBuildPhase;
			buildActionMask = 2147483647;
			files = (
			);
			inputPaths = (
			);
			name = "[CP] Check Pods Manifest.lock";
			outputPaths = (
			);
			runOnlyForDeploymentPostprocessing = 0;
			shellPath = /bin/sh;
			shellScript = "diff \"${PODS_ROOT}/../Podfile.lock\" \"${PODS_ROOT}/Manifest.lock\" > /dev/null\nif [[ $? != 0 ]] ; then\n    cat << EOM\nerror: The sandbox is not in sync with the Podfile.lock. Run 'pod install' or update your CocoaPods installation.\nEOM\n    exit 1\nfi\n";
			showEnvVarsInLog = 0;
		};
/* End PBXShellScriptBuildPhase section */

/* Begin PBXSourcesBuildPhase section */
		87DFD5E81D2B6A7A005E1C0B /* Sources */ = {
			isa = PBXSourcesBuildPhase;
			buildActionMask = 2147483647;
			files = (
				87DFD5F21D2B6A7A005E1C0B /* ViewController.swift in Sources */,
				87DFD6031D2B6D59005E1C0B /* LoginController.swift in Sources */,
				87DFD5F01D2B6A7A005E1C0B /* AppDelegate.swift in Sources */,
			);
			runOnlyForDeploymentPostprocessing = 0;
		};
/* End PBXSourcesBuildPhase section */

/* Begin PBXVariantGroup section */
		87DFD5F31D2B6A7A005E1C0B /* Main.storyboard */ = {
			isa = PBXVariantGroup;
			children = (
				87DFD5F41D2B6A7A005E1C0B /* Base */,
			);
			name = Main.storyboard;
			sourceTree = "<group>";
		};
		87DFD5F81D2B6A7A005E1C0B /* LaunchScreen.storyboard */ = {
			isa = PBXVariantGroup;
			children = (
				87DFD5F91D2B6A7A005E1C0B /* Base */,
			);
			name = LaunchScreen.storyboard;
			sourceTree = "<group>";
		};
/* End PBXVariantGroup section */

/* Begin XCBuildConfiguration section */
		87DFD5FC1D2B6A7A005E1C0B /* Debug */ = {
			isa = XCBuildConfiguration;
			buildSettings = {
				ALWAYS_SEARCH_USER_PATHS = NO;
				CLANG_ANALYZER_NONNULL = YES;
				CLANG_CXX_LANGUAGE_STANDARD = "gnu++0x";
				CLANG_CXX_LIBRARY = "libc++";
				CLANG_ENABLE_MODULES = YES;
				CLANG_ENABLE_OBJC_ARC = YES;
				CLANG_WARN_BOOL_CONVERSION = YES;
				CLANG_WARN_CONSTANT_CONVERSION = YES;
				CLANG_WARN_DIRECT_OBJC_ISA_USAGE = YES_ERROR;
				CLANG_WARN_EMPTY_BODY = YES;
				CLANG_WARN_ENUM_CONVERSION = YES;
				CLANG_WARN_INT_CONVERSION = YES;
				CLANG_WARN_OBJC_ROOT_CLASS = YES_ERROR;
				CLANG_WARN_UNREACHABLE_CODE = YES;
				CLANG_WARN__DUPLICATE_METHOD_MATCH = YES;
				"CODE_SIGN_IDENTITY[sdk=iphoneos*]" = "iPhone Developer";
				COPY_PHASE_STRIP = NO;
				DEBUG_INFORMATION_FORMAT = dwarf;
				ENABLE_STRICT_OBJC_MSGSEND = YES;
				ENABLE_TESTABILITY = YES;
				GCC_C_LANGUAGE_STANDARD = gnu99;
				GCC_DYNAMIC_NO_PIC = NO;
				GCC_NO_COMMON_BLOCKS = YES;
				GCC_OPTIMIZATION_LEVEL = 0;
				GCC_PREPROCESSOR_DEFINITIONS = (
					"DEBUG=1",
					"$(inherited)",
				);
				GCC_WARN_64_TO_32_BIT_CONVERSION = YES;
				GCC_WARN_ABOUT_RETURN_TYPE = YES_ERROR;
				GCC_WARN_UNDECLARED_SELECTOR = YES;
				GCC_WARN_UNINITIALIZED_AUTOS = YES_AGGRESSIVE;
				GCC_WARN_UNUSED_FUNCTION = YES;
				GCC_WARN_UNUSED_VARIABLE = YES;
				IPHONEOS_DEPLOYMENT_TARGET = 9.3;
				MTL_ENABLE_DEBUG_INFO = YES;
				ONLY_ACTIVE_ARCH = YES;
				SDKROOT = iphoneos;
				SWIFT_OPTIMIZATION_LEVEL = "-Onone";
				TARGETED_DEVICE_FAMILY = "1,2";
			};
			name = Debug;
		};
		87DFD5FD1D2B6A7A005E1C0B /* Release */ = {
			isa = XCBuildConfiguration;
			buildSettings = {
				ALWAYS_SEARCH_USER_PATHS = NO;
				CLANG_ANALYZER_NONNULL = YES;
				CLANG_CXX_LANGUAGE_STANDARD = "gnu++0x";
				CLANG_CXX_LIBRARY = "libc++";
				CLANG_ENABLE_MODULES = YES;
				CLANG_ENABLE_OBJC_ARC = YES;
				CLANG_WARN_BOOL_CONVERSION = YES;
				CLANG_WARN_CONSTANT_CONVERSION = YES;
				CLANG_WARN_DIRECT_OBJC_ISA_USAGE = YES_ERROR;
				CLANG_WARN_EMPTY_BODY = YES;
				CLANG_WARN_ENUM_CONVERSION = YES;
				CLANG_WARN_INT_CONVERSION = YES;
				CLANG_WARN_OBJC_ROOT_CLASS = YES_ERROR;
				CLANG_WARN_UNREACHABLE_CODE = YES;
				CLANG_WARN__DUPLICATE_METHOD_MATCH = YES;
				"CODE_SIGN_IDENTITY[sdk=iphoneos*]" = "iPhone Developer";
				COPY_PHASE_STRIP = NO;
				DEBUG_INFORMATION_FORMAT = "dwarf-with-dsym";
				ENABLE_NS_ASSERTIONS = NO;
				ENABLE_STRICT_OBJC_MSGSEND = YES;
				GCC_C_LANGUAGE_STANDARD = gnu99;
				GCC_NO_COMMON_BLOCKS = YES;
				GCC_WARN_64_TO_32_BIT_CONVERSION = YES;
				GCC_WARN_ABOUT_RETURN_TYPE = YES_ERROR;
				GCC_WARN_UNDECLARED_SELECTOR = YES;
				GCC_WARN_UNINITIALIZED_AUTOS = YES_AGGRESSIVE;
				GCC_WARN_UNUSED_FUNCTION = YES;
				GCC_WARN_UNUSED_VARIABLE = YES;
				IPHONEOS_DEPLOYMENT_TARGET = 9.3;
				MTL_ENABLE_DEBUG_INFO = NO;
				SDKROOT = iphoneos;
				TARGETED_DEVICE_FAMILY = "1,2";
				VALIDATE_PRODUCT = YES;
			};
			name = Release;
		};
		87DFD5FF1D2B6A7A005E1C0B /* Debug */ = {
			isa = XCBuildConfiguration;
			baseConfigurationReference = B254C963575A2E3D6AFFEC3D /* Pods-FireBaseApp.debug.xcconfig */;
			buildSettings = {
				ASSETCATALOG_COMPILER_APPICON_NAME = AppIcon;
				INFOPLIST_FILE = FireBaseApp/Info.plist;
				LD_RUNPATH_SEARCH_PATHS = "$(inherited) @executable_path/Frameworks";
				PRODUCT_BUNDLE_IDENTIFIER = org.xzerox.FireBaseApp;
				PRODUCT_NAME = "$(TARGET_NAME)";
			};
			name = Debug;
		};
		87DFD6001D2B6A7A005E1C0B /* Release */ = {
			isa = XCBuildConfiguration;
			baseConfigurationReference = 45E25FF8D85AAEFC19D40642 /* Pods-FireBaseApp.release.xcconfig */;
			buildSettings = {
				ASSETCATALOG_COMPILER_APPICON_NAME = AppIcon;
				INFOPLIST_FILE = FireBaseApp/Info.plist;
				LD_RUNPATH_SEARCH_PATHS = "$(inherited) @executable_path/Frameworks";
				PRODUCT_BUNDLE_IDENTIFIER = org.xzerox.FireBaseApp;
				PRODUCT_NAME = "$(TARGET_NAME)";
			};
			name = Release;
		};
/* End XCBuildConfiguration section */

/* Begin XCConfigurationList section */
		87DFD5E71D2B6A7A005E1C0B /* Build configuration list for PBXProject "FireBaseApp" */ = {
			isa = XCConfigurationList;
			buildConfigurations = (
				87DFD5FC1D2B6A7A005E1C0B /* Debug */,
				87DFD5FD1D2B6A7A005E1C0B /* Release */,
			);
			defaultConfigurationIsVisible = 0;
			defaultConfigurationName = Release;
		};
		87DFD5FE1D2B6A7A005E1C0B /* Build configuration list for PBXNativeTarget "FireBaseApp" */ = {
			isa = XCConfigurationList;
			buildConfigurations = (
				87DFD5FF1D2B6A7A005E1C0B /* Debug */,
				87DFD6001D2B6A7A005E1C0B /* Release */,
			);
			defaultConfigurationIsVisible = 0;
			defaultConfigurationName = Release;
		};
/* End XCConfigurationList section */
	};
	rootObject = 87DFD5E41D2B6A7A005E1C0B /* Project object */;
}
