// !$*UTF8*$!
{
	archiveVersion = 1;
	classes = {
	};
	objectVersion = 46;
	objects = {

/* Begin PBXBuildFile section */
		870D0E3D1B961EFC00DE1333 /* main.m in Sources */ = {isa = PBXBuildFile; fileRef = 870D0E3C1B961EFC00DE1333 /* main.m */; };
		870D0E451B961F2E00DE1333 /* shape.m in Sources */ = {isa = PBXBuildFile; fileRef = 870D0E441B961F2E00DE1333 /* shape.m */; };
		870D0E481B961FF700DE1333 /* Circle.m in Sources */ = {isa = PBXBuildFile; fileRef = 870D0E471B961FF700DE1333 /* Circle.m */; };
		870D0E4B1B965F8500DE1333 /* Button.m in Sources */ = {isa = PBXBuildFile; fileRef = 870D0E4A1B965F8500DE1333 /* Button.m */; };
		870D0E4E1B9660FD00DE1333 /* Rectangle.m in Sources */ = {isa = PBXBuildFile; fileRef = 870D0E4D1B9660FD00DE1333 /* Rectangle.m */; };
/* End PBXBuildFile section */

/* Begin PBXCopyFilesBuildPhase section */
		870D0E371B961EFC00DE1333 /* CopyFiles */ = {
			isa = PBXCopyFilesBuildPhase;
			buildActionMask = 2147483647;
			dstPath = /usr/share/man/man1/;
			dstSubfolderSpec = 0;
			files = (
			);
			runOnlyForDeploymentPostprocessing = 1;
		};
/* End PBXCopyFilesBuildPhase section */

/* Begin PBXFileReference section */
		870D0E391B961EFC00DE1333 /* myFirstObjective */ = {isa = PBXFileReference; explicitFileType = "compiled.mach-o.executable"; includeInIndex = 0; path = myFirstObjective; sourceTree = BUILT_PRODUCTS_DIR; };
		870D0E3C1B961EFC00DE1333 /* main.m */ = {isa = PBXFileReference; lastKnownFileType = sourcecode.c.objc; path = main.m; sourceTree = "<group>"; };
		870D0E431B961F2E00DE1333 /* shape.h */ = {isa = PBXFileReference; fileEncoding = 4; lastKnownFileType = sourcecode.c.h; path = shape.h; sourceTree = "<group>"; };
		870D0E441B961F2E00DE1333 /* shape.m */ = {isa = PBXFileReference; fileEncoding = 4; lastKnownFileType = sourcecode.c.objc; path = shape.m; sourceTree = "<group>"; };
		870D0E461B961FF700DE1333 /* Circle.h */ = {isa = PBXFileReference; fileEncoding = 4; lastKnownFileType = sourcecode.c.h; path = Circle.h; sourceTree = "<group>"; };
		870D0E471B961FF700DE1333 /* Circle.m */ = {isa = PBXFileReference; fileEncoding = 4; lastKnownFileType = sourcecode.c.objc; path = Circle.m; sourceTree = "<group>"; };
		870D0E491B965F8500DE1333 /* Button.h */ = {isa = PBXFileReference; fileEncoding = 4; lastKnownFileType = sourcecode.c.h; path = Button.h; sourceTree = "<group>"; };
		870D0E4A1B965F8500DE1333 /* Button.m */ = {isa = PBXFileReference; fileEncoding = 4; lastKnownFileType = sourcecode.c.objc; path = Button.m; sourceTree = "<group>"; };
		870D0E4C1B9660FD00DE1333 /* Rectangle.h */ = {isa = PBXFileReference; fileEncoding = 4; lastKnownFileType = sourcecode.c.h; path = Rectangle.h; sourceTree = "<group>"; };
		870D0E4D1B9660FD00DE1333 /* Rectangle.m */ = {isa = PBXFileReference; fileEncoding = 4; lastKnownFileType = sourcecode.c.objc; path = Rectangle.m; sourceTree = "<group>"; };
/* End PBXFileReference section */

/* Begin PBXFrameworksBuildPhase section */
		870D0E361B961EFC00DE1333 /* Frameworks */ = {
			isa = PBXFrameworksBuildPhase;
			buildActionMask = 2147483647;
			files = (
			);
			runOnlyForDeploymentPostprocessing = 0;
		};
/* End PBXFrameworksBuildPhase section */

/* Begin PBXGroup section */
		870D0E301B961EFC00DE1333 = {
			isa = PBXGroup;
			children = (
				870D0E3B1B961EFC00DE1333 /* myFirstObjective */,
				870D0E3A1B961EFC00DE1333 /* Products */,
			);
			sourceTree = "<group>";
		};
		870D0E3A1B961EFC00DE1333 /* Products */ = {
			isa = PBXGroup;
			children = (
				870D0E391B961EFC00DE1333 /* myFirstObjective */,
			);
			name = Products;
			sourceTree = "<group>";
		};
		870D0E3B1B961EFC00DE1333 /* myFirstObjective */ = {
			isa = PBXGroup;
			children = (
				870D0E3C1B961EFC00DE1333 /* main.m */,
				870D0E4C1B9660FD00DE1333 /* Rectangle.h */,
				870D0E4D1B9660FD00DE1333 /* Rectangle.m */,
				870D0E491B965F8500DE1333 /* Button.h */,
				870D0E4A1B965F8500DE1333 /* Button.m */,
				870D0E431B961F2E00DE1333 /* shape.h */,
				870D0E441B961F2E00DE1333 /* shape.m */,
				870D0E461B961FF700DE1333 /* Circle.h */,
				870D0E471B961FF700DE1333 /* Circle.m */,
			);
			path = myFirstObjective;
			sourceTree = "<group>";
		};
/* End PBXGroup section */

/* Begin PBXNativeTarget section */
		870D0E381B961EFC00DE1333 /* myFirstObjective */ = {
			isa = PBXNativeTarget;
			buildConfigurationList = 870D0E401B961EFC00DE1333 /* Build configuration list for PBXNativeTarget "myFirstObjective" */;
			buildPhases = (
				870D0E351B961EFC00DE1333 /* Sources */,
				870D0E361B961EFC00DE1333 /* Frameworks */,
				870D0E371B961EFC00DE1333 /* CopyFiles */,
			);
			buildRules = (
			);
			dependencies = (
			);
			name = myFirstObjective;
			productName = myFirstObjective;
			productReference = 870D0E391B961EFC00DE1333 /* myFirstObjective */;
			productType = "com.apple.product-type.tool";
		};
/* End PBXNativeTarget section */

/* Begin PBXProject section */
		870D0E311B961EFC00DE1333 /* Project object */ = {
			isa = PBXProject;
			attributes = {
				LastUpgradeCheck = 0640;
				ORGANIZATIONNAME = "Jian Su";
				TargetAttributes = {
					870D0E381B961EFC00DE1333 = {
						CreatedOnToolsVersion = 6.4;
					};
				};
			};
			buildConfigurationList = 870D0E341B961EFC00DE1333 /* Build configuration list for PBXProject "myFirstObjective" */;
			compatibilityVersion = "Xcode 3.2";
			developmentRegion = English;
			hasScannedForEncodings = 0;
			knownRegions = (
				en,
			);
			mainGroup = 870D0E301B961EFC00DE1333;
			productRefGroup = 870D0E3A1B961EFC00DE1333 /* Products */;
			projectDirPath = "";
			projectRoot = "";
			targets = (
				870D0E381B961EFC00DE1333 /* myFirstObjective */,
			);
		};
/* End PBXProject section */

/* Begin PBXSourcesBuildPhase section */
		870D0E351B961EFC00DE1333 /* Sources */ = {
			isa = PBXSourcesBuildPhase;
			buildActionMask = 2147483647;
			files = (
				870D0E481B961FF700DE1333 /* Circle.m in Sources */,
				870D0E3D1B961EFC00DE1333 /* main.m in Sources */,
				870D0E451B961F2E00DE1333 /* shape.m in Sources */,
				870D0E4B1B965F8500DE1333 /* Button.m in Sources */,
				870D0E4E1B9660FD00DE1333 /* Rectangle.m in Sources */,
			);
			runOnlyForDeploymentPostprocessing = 0;
		};
/* End PBXSourcesBuildPhase section */

/* Begin XCBuildConfiguration section */
		870D0E3E1B961EFC00DE1333 /* Debug */ = {
			isa = XCBuildConfiguration;
			buildSettings = {
				ALWAYS_SEARCH_USER_PATHS = NO;
				CLANG_CXX_LANGUAGE_STANDARD = "gnu++0x";
				CLANG_CXX_LIBRARY = "libc++";
				CLANG_ENABLE_MODULES = YES;
				CLANG_ENABLE_OBJC_ARC = YES;
				CLANG_WARN_BOOL_CONVERSION = YES;
				CLANG_WARN_CONSTANT_CONVERSION = YES;
				CLANG_WARN_DIRECT_OBJC_ISA_USAGE = YES_ERROR;
				CLANG_WARN_EMPTY_BODY = YES;
				CLANG_WARN_ENUM_CONVERSION = YES;
				CLANG_WARN_INT_CONVERSION = YES;
				CLANG_WARN_OBJC_ROOT_CLASS = YES_ERROR;
				CLANG_WARN_UNREACHABLE_CODE = YES;
				CLANG_WARN__DUPLICATE_METHOD_MATCH = YES;
				COPY_PHASE_STRIP = NO;
				DEBUG_INFORMATION_FORMAT = dwarf;
				ENABLE_STRICT_OBJC_MSGSEND = YES;
				GCC_C_LANGUAGE_STANDARD = gnu99;
				GCC_DYNAMIC_NO_PIC = NO;
				GCC_NO_COMMON_BLOCKS = YES;
				GCC_OPTIMIZATION_LEVEL = 0;
				GCC_PREPROCESSOR_DEFINITIONS = (
					"DEBUG=1",
					"$(inherited)",
				);
				GCC_SYMBOLS_PRIVATE_EXTERN = NO;
				GCC_WARN_64_TO_32_BIT_CONVERSION = YES;
				GCC_WARN_ABOUT_RETURN_TYPE = YES_ERROR;
				GCC_WARN_UNDECLARED_SELECTOR = YES;
				GCC_WARN_UNINITIALIZED_AUTOS = YES_AGGRESSIVE;
				GCC_WARN_UNUSED_FUNCTION = YES;
				GCC_WARN_UNUSED_VARIABLE = YES;
				MACOSX_DEPLOYMENT_TARGET = 10.10;
				MTL_ENABLE_DEBUG_INFO = YES;
				ONLY_ACTIVE_ARCH = YES;
				SDKROOT = macosx;
			};
			name = Debug;
		};
		870D0E3F1B961EFC00DE1333 /* Release */ = {
			isa = XCBuildConfiguration;
			buildSettings = {
				ALWAYS_SEARCH_USER_PATHS = NO;
				CLANG_CXX_LANGUAGE_STANDARD = "gnu++0x";
				CLANG_CXX_LIBRARY = "libc++";
				CLANG_ENABLE_MODULES = YES;
				CLANG_ENABLE_OBJC_ARC = YES;
				CLANG_WARN_BOOL_CONVERSION = YES;
				CLANG_WARN_CONSTANT_CONVERSION = YES;
				CLANG_WARN_DIRECT_OBJC_ISA_USAGE = YES_ERROR;
				CLANG_WARN_EMPTY_BODY = YES;
				CLANG_WARN_ENUM_CONVERSION = YES;
				CLANG_WARN_INT_CONVERSION = YES;
				CLANG_WARN_OBJC_ROOT_CLASS = YES_ERROR;
				CLANG_WARN_UNREACHABLE_CODE = YES;
				CLANG_WARN__DUPLICATE_METHOD_MATCH = YES;
				COPY_PHASE_STRIP = NO;
				DEBUG_INFORMATION_FORMAT = "dwarf-with-dsym";
				ENABLE_NS_ASSERTIONS = NO;
				ENABLE_STRICT_OBJC_MSGSEND = YES;
				GCC_C_LANGUAGE_STANDARD = gnu99;
				GCC_NO_COMMON_BLOCKS = YES;
				GCC_WARN_64_TO_32_BIT_CONVERSION = YES;
				GCC_WARN_ABOUT_RETURN_TYPE = YES_ERROR;
				GCC_WARN_UNDECLARED_SELECTOR = YES;
				GCC_WARN_UNINITIALIZED_AUTOS = YES_AGGRESSIVE;
				GCC_WARN_UNUSED_FUNCTION = YES;
				GCC_WARN_UNUSED_VARIABLE = YES;
				MACOSX_DEPLOYMENT_TARGET = 10.10;
				MTL_ENABLE_DEBUG_INFO = NO;
				SDKROOT = macosx;
			};
			name = Release;
		};
		870D0E411B961EFC00DE1333 /* Debug */ = {
			isa = XCBuildConfiguration;
			buildSettings = {
				PRODUCT_NAME = "$(TARGET_NAME)";
			};
			name = Debug;
		};
		870D0E421B961EFC00DE1333 /* Release */ = {
			isa = XCBuildConfiguration;
			buildSettings = {
				PRODUCT_NAME = "$(TARGET_NAME)";
			};
			name = Release;
		};
/* End XCBuildConfiguration section */

/* Begin XCConfigurationList section */
		870D0E341B961EFC00DE1333 /* Build configuration list for PBXProject "myFirstObjective" */ = {
			isa = XCConfigurationList;
			buildConfigurations = (
				870D0E3E1B961EFC00DE1333 /* Debug */,
				870D0E3F1B961EFC00DE1333 /* Release */,
			);
			defaultConfigurationIsVisible = 0;
			defaultConfigurationName = Release;
		};
		870D0E401B961EFC00DE1333 /* Build configuration list for PBXNativeTarget "myFirstObjective" */ = {
			isa = XCConfigurationList;
			buildConfigurations = (
				870D0E411B961EFC00DE1333 /* Debug */,
				870D0E421B961EFC00DE1333 /* Release */,
			);
			defaultConfigurationIsVisible = 0;
		};
/* End XCConfigurationList section */
	};
	rootObject = 870D0E311B961EFC00DE1333 /* Project object */;
}
