// !$*UTF8*$!
{
	archiveVersion = 1;
	classes = {
	};
	objectVersion = 46;
	objects = {

/* Begin PBXBuildFile section */
		87B634F81AAFFE5E001FDD4E /* AppDelegate.swift in Sources */ = {isa = PBXBuildFile; fileRef = 87B634F71AAFFE5E001FDD4E /* AppDelegate.swift */; };
		87B634FA1AAFFE5E001FDD4E /* ViewController.swift in Sources */ = {isa = PBXBuildFile; fileRef = 87B634F91AAFFE5E001FDD4E /* ViewController.swift */; };
		87B634FD1AAFFE5E001FDD4E /* Main.storyboard in Resources */ = {isa = PBXBuildFile; fileRef = 87B634FB1AAFFE5E001FDD4E /* Main.storyboard */; };
		87B634FF1AAFFE5E001FDD4E /* Images.xcassets in Resources */ = {isa = PBXBuildFile; fileRef = 87B634FE1AAFFE5E001FDD4E /* Images.xcassets */; };
		87B635021AAFFE5E001FDD4E /* LaunchScreen.xib in Resources */ = {isa = PBXBuildFile; fileRef = 87B635001AAFFE5E001FDD4E /* LaunchScreen.xib */; };
		87B6350E1AAFFE5E001FDD4E /* HowMayFingersTests.swift in Sources */ = {isa = PBXBuildFile; fileRef = 87B6350D1AAFFE5E001FDD4E /* HowMayFingersTests.swift */; };
/* End PBXBuildFile section */

/* Begin PBXContainerItemProxy section */
		87B635081AAFFE5E001FDD4E /* PBXContainerItemProxy */ = {
			isa = PBXContainerItemProxy;
			containerPortal = 87B634EA1AAFFE5E001FDD4E /* Project object */;
			proxyType = 1;
			remoteGlobalIDString = 87B634F11AAFFE5E001FDD4E;
			remoteInfo = HowMayFingers;
		};
/* End PBXContainerItemProxy section */

/* Begin PBXFileReference section */
		87B634F21AAFFE5E001FDD4E /* HowMayFingers.app */ = {isa = PBXFileReference; explicitFileType = wrapper.application; includeInIndex = 0; path = HowMayFingers.app; sourceTree = BUILT_PRODUCTS_DIR; };
		87B634F61AAFFE5E001FDD4E /* Info.plist */ = {isa = PBXFileReference; lastKnownFileType = text.plist.xml; path = Info.plist; sourceTree = "<group>"; };
		87B634F71AAFFE5E001FDD4E /* AppDelegate.swift */ = {isa = PBXFileReference; lastKnownFileType = sourcecode.swift; path = AppDelegate.swift; sourceTree = "<group>"; };
		87B634F91AAFFE5E001FDD4E /* ViewController.swift */ = {isa = PBXFileReference; lastKnownFileType = sourcecode.swift; path = ViewController.swift; sourceTree = "<group>"; };
		87B634FC1AAFFE5E001FDD4E /* Base */ = {isa = PBXFileReference; lastKnownFileType = file.storyboard; name = Base; path = Base.lproj/Main.storyboard; sourceTree = "<group>"; };
		87B634FE1AAFFE5E001FDD4E /* Images.xcassets */ = {isa = PBXFileReference; lastKnownFileType = folder.assetcatalog; path = Images.xcassets; sourceTree = "<group>"; };
		87B635011AAFFE5E001FDD4E /* Base */ = {isa = PBXFileReference; lastKnownFileType = file.xib; name = Base; path = Base.lproj/LaunchScreen.xib; sourceTree = "<group>"; };
		87B635071AAFFE5E001FDD4E /* HowMayFingersTests.xctest */ = {isa = PBXFileReference; explicitFileType = wrapper.cfbundle; includeInIndex = 0; path = HowMayFingersTests.xctest; sourceTree = BUILT_PRODUCTS_DIR; };
		87B6350C1AAFFE5E001FDD4E /* Info.plist */ = {isa = PBXFileReference; lastKnownFileType = text.plist.xml; path = Info.plist; sourceTree = "<group>"; };
		87B6350D1AAFFE5E001FDD4E /* HowMayFingersTests.swift */ = {isa = PBXFileReference; lastKnownFileType = sourcecode.swift; path = HowMayFingersTests.swift; sourceTree = "<group>"; };
/* End PBXFileReference section */

/* Begin PBXFrameworksBuildPhase section */
		87B634EF1AAFFE5E001FDD4E /* Frameworks */ = {
			isa = PBXFrameworksBuildPhase;
			buildActionMask = 2147483647;
			files = (
			);
			runOnlyForDeploymentPostprocessing = 0;
		};
		87B635041AAFFE5E001FDD4E /* Frameworks */ = {
			isa = PBXFrameworksBuildPhase;
			buildActionMask = 2147483647;
			files = (
			);
			runOnlyForDeploymentPostprocessing = 0;
		};
/* End PBXFrameworksBuildPhase section */

/* Begin PBXGroup section */
		87B634E91AAFFE5E001FDD4E = {
			isa = PBXGroup;
			children = (
				87B634F41AAFFE5E001FDD4E /* HowMayFingers */,
				87B6350A1AAFFE5E001FDD4E /* HowMayFingersTests */,
				87B634F31AAFFE5E001FDD4E /* Products */,
			);
			sourceTree = "<group>";
		};
		87B634F31AAFFE5E001FDD4E /* Products */ = {
			isa = PBXGroup;
			children = (
				87B634F21AAFFE5E001FDD4E /* HowMayFingers.app */,
				87B635071AAFFE5E001FDD4E /* HowMayFingersTests.xctest */,
			);
			name = Products;
			sourceTree = "<group>";
		};
		87B634F41AAFFE5E001FDD4E /* HowMayFingers */ = {
			isa = PBXGroup;
			children = (
				87B634F71AAFFE5E001FDD4E /* AppDelegate.swift */,
				87B634F91AAFFE5E001FDD4E /* ViewController.swift */,
				87B634FB1AAFFE5E001FDD4E /* Main.storyboard */,
				87B634FE1AAFFE5E001FDD4E /* Images.xcassets */,
				87B635001AAFFE5E001FDD4E /* LaunchScreen.xib */,
				87B634F51AAFFE5E001FDD4E /* Supporting Files */,
			);
			path = HowMayFingers;
			sourceTree = "<group>";
		};
		87B634F51AAFFE5E001FDD4E /* Supporting Files */ = {
			isa = PBXGroup;
			children = (
				87B634F61AAFFE5E001FDD4E /* Info.plist */,
			);
			name = "Supporting Files";
			sourceTree = "<group>";
		};
		87B6350A1AAFFE5E001FDD4E /* HowMayFingersTests */ = {
			isa = PBXGroup;
			children = (
				87B6350D1AAFFE5E001FDD4E /* HowMayFingersTests.swift */,
				87B6350B1AAFFE5E001FDD4E /* Supporting Files */,
			);
			path = HowMayFingersTests;
			sourceTree = "<group>";
		};
		87B6350B1AAFFE5E001FDD4E /* Supporting Files */ = {
			isa = PBXGroup;
			children = (
				87B6350C1AAFFE5E001FDD4E /* Info.plist */,
			);
			name = "Supporting Files";
			sourceTree = "<group>";
		};
/* End PBXGroup section */

/* Begin PBXNativeTarget section */
		87B634F11AAFFE5E001FDD4E /* HowMayFingers */ = {
			isa = PBXNativeTarget;
			buildConfigurationList = 87B635111AAFFE5E001FDD4E /* Build configuration list for PBXNativeTarget "HowMayFingers" */;
			buildPhases = (
				87B634EE1AAFFE5E001FDD4E /* Sources */,
				87B634EF1AAFFE5E001FDD4E /* Frameworks */,
				87B634F01AAFFE5E001FDD4E /* Resources */,
			);
			buildRules = (
			);
			dependencies = (
			);
			name = HowMayFingers;
			productName = HowMayFingers;
			productReference = 87B634F21AAFFE5E001FDD4E /* HowMayFingers.app */;
			productType = "com.apple.product-type.application";
		};
		87B635061AAFFE5E001FDD4E /* HowMayFingersTests */ = {
			isa = PBXNativeTarget;
			buildConfigurationList = 87B635141AAFFE5E001FDD4E /* Build configuration list for PBXNativeTarget "HowMayFingersTests" */;
			buildPhases = (
				87B635031AAFFE5E001FDD4E /* Sources */,
				87B635041AAFFE5E001FDD4E /* Frameworks */,
				87B635051AAFFE5E001FDD4E /* Resources */,
			);
			buildRules = (
			);
			dependencies = (
				87B635091AAFFE5E001FDD4E /* PBXTargetDependency */,
			);
			name = HowMayFingersTests;
			productName = HowMayFingersTests;
			productReference = 87B635071AAFFE5E001FDD4E /* HowMayFingersTests.xctest */;
			productType = "com.apple.product-type.bundle.unit-test";
		};
/* End PBXNativeTarget section */

/* Begin PBXProject section */
		87B634EA1AAFFE5E001FDD4E /* Project object */ = {
			isa = PBXProject;
			attributes = {
				LastUpgradeCheck = 0610;
				ORGANIZATIONNAME = "Jian Su";
				TargetAttributes = {
					87B634F11AAFFE5E001FDD4E = {
						CreatedOnToolsVersion = 6.1.1;
					};
					87B635061AAFFE5E001FDD4E = {
						CreatedOnToolsVersion = 6.1.1;
						TestTargetID = 87B634F11AAFFE5E001FDD4E;
					};
				};
			};
			buildConfigurationList = 87B634ED1AAFFE5E001FDD4E /* Build configuration list for PBXProject "HowMayFingers" */;
			compatibilityVersion = "Xcode 3.2";
			developmentRegion = English;
			hasScannedForEncodings = 0;
			knownRegions = (
				en,
				Base,
			);
			mainGroup = 87B634E91AAFFE5E001FDD4E;
			productRefGroup = 87B634F31AAFFE5E001FDD4E /* Products */;
			projectDirPath = "";
			projectRoot = "";
			targets = (
				87B634F11AAFFE5E001FDD4E /* HowMayFingers */,
				87B635061AAFFE5E001FDD4E /* HowMayFingersTests */,
			);
		};
/* End PBXProject section */

/* Begin PBXResourcesBuildPhase section */
		87B634F01AAFFE5E001FDD4E /* Resources */ = {
			isa = PBXResourcesBuildPhase;
			buildActionMask = 2147483647;
			files = (
				87B634FD1AAFFE5E001FDD4E /* Main.storyboard in Resources */,
				87B635021AAFFE5E001FDD4E /* LaunchScreen.xib in Resources */,
				87B634FF1AAFFE5E001FDD4E /* Images.xcassets in Resources */,
			);
			runOnlyForDeploymentPostprocessing = 0;
		};
		87B635051AAFFE5E001FDD4E /* Resources */ = {
			isa = PBXResourcesBuildPhase;
			buildActionMask = 2147483647;
			files = (
			);
			runOnlyForDeploymentPostprocessing = 0;
		};
/* End PBXResourcesBuildPhase section */

/* Begin PBXSourcesBuildPhase section */
		87B634EE1AAFFE5E001FDD4E /* Sources */ = {
			isa = PBXSourcesBuildPhase;
			buildActionMask = 2147483647;
			files = (
				87B634FA1AAFFE5E001FDD4E /* ViewController.swift in Sources */,
				87B634F81AAFFE5E001FDD4E /* AppDelegate.swift in Sources */,
			);
			runOnlyForDeploymentPostprocessing = 0;
		};
		87B635031AAFFE5E001FDD4E /* Sources */ = {
			isa = PBXSourcesBuildPhase;
			buildActionMask = 2147483647;
			files = (
				87B6350E1AAFFE5E001FDD4E /* HowMayFingersTests.swift in Sources */,
			);
			runOnlyForDeploymentPostprocessing = 0;
		};
/* End PBXSourcesBuildPhase section */

/* Begin PBXTargetDependency section */
		87B635091AAFFE5E001FDD4E /* PBXTargetDependency */ = {
			isa = PBXTargetDependency;
			target = 87B634F11AAFFE5E001FDD4E /* HowMayFingers */;
			targetProxy = 87B635081AAFFE5E001FDD4E /* PBXContainerItemProxy */;
		};
/* End PBXTargetDependency section */

/* Begin PBXVariantGroup section */
		87B634FB1AAFFE5E001FDD4E /* Main.storyboard */ = {
			isa = PBXVariantGroup;
			children = (
				87B634FC1AAFFE5E001FDD4E /* Base */,
			);
			name = Main.storyboard;
			sourceTree = "<group>";
		};
		87B635001AAFFE5E001FDD4E /* LaunchScreen.xib */ = {
			isa = PBXVariantGroup;
			children = (
				87B635011AAFFE5E001FDD4E /* Base */,
			);
			name = LaunchScreen.xib;
			sourceTree = "<group>";
		};
/* End PBXVariantGroup section */

/* Begin XCBuildConfiguration section */
		87B6350F1AAFFE5E001FDD4E /* Debug */ = {
			isa = XCBuildConfiguration;
			buildSettings = {
				ALWAYS_SEARCH_USER_PATHS = NO;
				CLANG_CXX_LANGUAGE_STANDARD = "gnu++0x";
				CLANG_CXX_LIBRARY = "libc++";
				CLANG_ENABLE_MODULES = YES;
				CLANG_ENABLE_OBJC_ARC = YES;
				CLANG_WARN_BOOL_CONVERSION = YES;
				CLANG_WARN_CONSTANT_CONVERSION = YES;
				CLANG_WARN_DIRECT_OBJC_ISA_USAGE = YES_ERROR;
				CLANG_WARN_EMPTY_BODY = YES;
				CLANG_WARN_ENUM_CONVERSION = YES;
				CLANG_WARN_INT_CONVERSION = YES;
				CLANG_WARN_OBJC_ROOT_CLASS = YES_ERROR;
				CLANG_WARN_UNREACHABLE_CODE = YES;
				CLANG_WARN__DUPLICATE_METHOD_MATCH = YES;
				"CODE_SIGN_IDENTITY[sdk=iphoneos*]" = "iPhone Developer";
				COPY_PHASE_STRIP = NO;
				ENABLE_STRICT_OBJC_MSGSEND = YES;
				GCC_C_LANGUAGE_STANDARD = gnu99;
				GCC_DYNAMIC_NO_PIC = NO;
				GCC_OPTIMIZATION_LEVEL = 0;
				GCC_PREPROCESSOR_DEFINITIONS = (
					"DEBUG=1",
					"$(inherited)",
				);
				GCC_SYMBOLS_PRIVATE_EXTERN = NO;
				GCC_WARN_64_TO_32_BIT_CONVERSION = YES;
				GCC_WARN_ABOUT_RETURN_TYPE = YES_ERROR;
				GCC_WARN_UNDECLARED_SELECTOR = YES;
				GCC_WARN_UNINITIALIZED_AUTOS = YES_AGGRESSIVE;
				GCC_WARN_UNUSED_FUNCTION = YES;
				GCC_WARN_UNUSED_VARIABLE = YES;
				IPHONEOS_DEPLOYMENT_TARGET = 8.1;
				MTL_ENABLE_DEBUG_INFO = YES;
				ONLY_ACTIVE_ARCH = YES;
				SDKROOT = iphoneos;
				SWIFT_OPTIMIZATION_LEVEL = "-Onone";
			};
			name = Debug;
		};
		87B635101AAFFE5E001FDD4E /* Release */ = {
			isa = XCBuildConfiguration;
			buildSettings = {
				ALWAYS_SEARCH_USER_PATHS = NO;
				CLANG_CXX_LANGUAGE_STANDARD = "gnu++0x";
				CLANG_CXX_LIBRARY = "libc++";
				CLANG_ENABLE_MODULES = YES;
				CLANG_ENABLE_OBJC_ARC = YES;
				CLANG_WARN_BOOL_CONVERSION = YES;
				CLANG_WARN_CONSTANT_CONVERSION = YES;
				CLANG_WARN_DIRECT_OBJC_ISA_USAGE = YES_ERROR;
				CLANG_WARN_EMPTY_BODY = YES;
				CLANG_WARN_ENUM_CONVERSION = YES;
				CLANG_WARN_INT_CONVERSION = YES;
				CLANG_WARN_OBJC_ROOT_CLASS = YES_ERROR;
				CLANG_WARN_UNREACHABLE_CODE = YES;
				CLANG_WARN__DUPLICATE_METHOD_MATCH = YES;
				"CODE_SIGN_IDENTITY[sdk=iphoneos*]" = "iPhone Developer";
				COPY_PHASE_STRIP = YES;
				ENABLE_NS_ASSERTIONS = NO;
				ENABLE_STRICT_OBJC_MSGSEND = YES;
				GCC_C_LANGUAGE_STANDARD = gnu99;
				GCC_WARN_64_TO_32_BIT_CONVERSION = YES;
				GCC_WARN_ABOUT_RETURN_TYPE = YES_ERROR;
				GCC_WARN_UNDECLARED_SELECTOR = YES;
				GCC_WARN_UNINITIALIZED_AUTOS = YES_AGGRESSIVE;
				GCC_WARN_UNUSED_FUNCTION = YES;
				GCC_WARN_UNUSED_VARIABLE = YES;
				IPHONEOS_DEPLOYMENT_TARGET = 8.1;
				MTL_ENABLE_DEBUG_INFO = NO;
				SDKROOT = iphoneos;
				VALIDATE_PRODUCT = YES;
			};
			name = Release;
		};
		87B635121AAFFE5E001FDD4E /* Debug */ = {
			isa = XCBuildConfiguration;
			buildSettings = {
				ASSETCATALOG_COMPILER_APPICON_NAME = AppIcon;
				INFOPLIST_FILE = HowMayFingers/Info.plist;
				LD_RUNPATH_SEARCH_PATHS = "$(inherited) @executable_path/Frameworks";
				PRODUCT_NAME = "$(TARGET_NAME)";
			};
			name = Debug;
		};
		87B635131AAFFE5E001FDD4E /* Release */ = {
			isa = XCBuildConfiguration;
			buildSettings = {
				ASSETCATALOG_COMPILER_APPICON_NAME = AppIcon;
				INFOPLIST_FILE = HowMayFingers/Info.plist;
				LD_RUNPATH_SEARCH_PATHS = "$(inherited) @executable_path/Frameworks";
				PRODUCT_NAME = "$(TARGET_NAME)";
			};
			name = Release;
		};
		87B635151AAFFE5E001FDD4E /* Debug */ = {
			isa = XCBuildConfiguration;
			buildSettings = {
				BUNDLE_LOADER = "$(TEST_HOST)";
				FRAMEWORK_SEARCH_PATHS = (
					"$(SDKROOT)/Developer/Library/Frameworks",
					"$(inherited)",
				);
				GCC_PREPROCESSOR_DEFINITIONS = (
					"DEBUG=1",
					"$(inherited)",
				);
				INFOPLIST_FILE = HowMayFingersTests/Info.plist;
				LD_RUNPATH_SEARCH_PATHS = "$(inherited) @executable_path/Frameworks @loader_path/Frameworks";
				PRODUCT_NAME = "$(TARGET_NAME)";
				TEST_HOST = "$(BUILT_PRODUCTS_DIR)/HowMayFingers.app/HowMayFingers";
			};
			name = Debug;
		};
		87B635161AAFFE5E001FDD4E /* Release */ = {
			isa = XCBuildConfiguration;
			buildSettings = {
				BUNDLE_LOADER = "$(TEST_HOST)";
				FRAMEWORK_SEARCH_PATHS = (
					"$(SDKROOT)/Developer/Library/Frameworks",
					"$(inherited)",
				);
				INFOPLIST_FILE = HowMayFingersTests/Info.plist;
				LD_RUNPATH_SEARCH_PATHS = "$(inherited) @executable_path/Frameworks @loader_path/Frameworks";
				PRODUCT_NAME = "$(TARGET_NAME)";
				TEST_HOST = "$(BUILT_PRODUCTS_DIR)/HowMayFingers.app/HowMayFingers";
			};
			name = Release;
		};
/* End XCBuildConfiguration section */

/* Begin XCConfigurationList section */
		87B634ED1AAFFE5E001FDD4E /* Build configuration list for PBXProject "HowMayFingers" */ = {
			isa = XCConfigurationList;
			buildConfigurations = (
				87B6350F1AAFFE5E001FDD4E /* Debug */,
				87B635101AAFFE5E001FDD4E /* Release */,
			);
			defaultConfigurationIsVisible = 0;
			defaultConfigurationName = Release;
		};
		87B635111AAFFE5E001FDD4E /* Build configuration list for PBXNativeTarget "HowMayFingers" */ = {
			isa = XCConfigurationList;
			buildConfigurations = (
				87B635121AAFFE5E001FDD4E /* Debug */,
				87B635131AAFFE5E001FDD4E /* Release */,
			);
			defaultConfigurationIsVisible = 0;
		};
		87B635141AAFFE5E001FDD4E /* Build configuration list for PBXNativeTarget "HowMayFingersTests" */ = {
			isa = XCConfigurationList;
			buildConfigurations = (
				87B635151AAFFE5E001FDD4E /* Debug */,
				87B635161AAFFE5E001FDD4E /* Release */,
			);
			defaultConfigurationIsVisible = 0;
		};
/* End XCConfigurationList section */
	};
	rootObject = 87B634EA1AAFFE5E001FDD4E /* Project object */;
}
