// !$*UTF8*$!
{
	archiveVersion = 1;
	classes = {
	};
	objectVersion = 46;
	objects = {

/* Begin PBXBuildFile section */
		87E9FFBF1C6DA90F00CCBECA /* AppDelegate.swift in Sources */ = {isa = PBXBuildFile; fileRef = 87E9FFBE1C6DA90F00CCBECA /* AppDelegate.swift */; };
		87E9FFC11C6DA90F00CCBECA /* ViewController.swift in Sources */ = {isa = PBXBuildFile; fileRef = 87E9FFC01C6DA90F00CCBECA /* ViewController.swift */; };
		87E9FFC41C6DA90F00CCBECA /* Main.storyboard in Resources */ = {isa = PBXBuildFile; fileRef = 87E9FFC21C6DA90F00CCBECA /* Main.storyboard */; };
		87E9FFC61C6DA90F00CCBECA /* Assets.xcassets in Resources */ = {isa = PBXBuildFile; fileRef = 87E9FFC51C6DA90F00CCBECA /* Assets.xcassets */; };
		87E9FFC91C6DA90F00CCBECA /* LaunchScreen.storyboard in Resources */ = {isa = PBXBuildFile; fileRef = 87E9FFC71C6DA90F00CCBECA /* LaunchScreen.storyboard */; };
/* End PBXBuildFile section */

/* Begin PBXFileReference section */
		87E9FFBB1C6DA90F00CCBECA /* PickerDate.app */ = {isa = PBXFileReference; explicitFileType = wrapper.application; includeInIndex = 0; path = PickerDate.app; sourceTree = BUILT_PRODUCTS_DIR; };
		87E9FFBE1C6DA90F00CCBECA /* AppDelegate.swift */ = {isa = PBXFileReference; lastKnownFileType = sourcecode.swift; path = AppDelegate.swift; sourceTree = "<group>"; };
		87E9FFC01C6DA90F00CCBECA /* ViewController.swift */ = {isa = PBXFileReference; lastKnownFileType = sourcecode.swift; path = ViewController.swift; sourceTree = "<group>"; };
		87E9FFC31C6DA90F00CCBECA /* Base */ = {isa = PBXFileReference; lastKnownFileType = file.storyboard; name = Base; path = Base.lproj/Main.storyboard; sourceTree = "<group>"; };
		87E9FFC51C6DA90F00CCBECA /* Assets.xcassets */ = {isa = PBXFileReference; lastKnownFileType = folder.assetcatalog; path = Assets.xcassets; sourceTree = "<group>"; };
		87E9FFC81C6DA90F00CCBECA /* Base */ = {isa = PBXFileReference; lastKnownFileType = file.storyboard; name = Base; path = Base.lproj/LaunchScreen.storyboard; sourceTree = "<group>"; };
		87E9FFCA1C6DA90F00CCBECA /* Info.plist */ = {isa = PBXFileReference; lastKnownFileType = text.plist.xml; path = Info.plist; sourceTree = "<group>"; };
/* End PBXFileReference section */

/* Begin PBXFrameworksBuildPhase section */
		87E9FFB81C6DA90F00CCBECA /* Frameworks */ = {
			isa = PBXFrameworksBuildPhase;
			buildActionMask = 2147483647;
			files = (
			);
			runOnlyForDeploymentPostprocessing = 0;
		};
/* End PBXFrameworksBuildPhase section */

/* Begin PBXGroup section */
		87E9FFB21C6DA90F00CCBECA = {
			isa = PBXGroup;
			children = (
				87E9FFBD1C6DA90F00CCBECA /* PickerDate */,
				87E9FFBC1C6DA90F00CCBECA /* Products */,
			);
			sourceTree = "<group>";
		};
		87E9FFBC1C6DA90F00CCBECA /* Products */ = {
			isa = PBXGroup;
			children = (
				87E9FFBB1C6DA90F00CCBECA /* PickerDate.app */,
			);
			name = Products;
			sourceTree = "<group>";
		};
		87E9FFBD1C6DA90F00CCBECA /* PickerDate */ = {
			isa = PBXGroup;
			children = (
				87E9FFBE1C6DA90F00CCBECA /* AppDelegate.swift */,
				87E9FFC01C6DA90F00CCBECA /* ViewController.swift */,
				87E9FFC21C6DA90F00CCBECA /* Main.storyboard */,
				87E9FFC51C6DA90F00CCBECA /* Assets.xcassets */,
				87E9FFC71C6DA90F00CCBECA /* LaunchScreen.storyboard */,
				87E9FFCA1C6DA90F00CCBECA /* Info.plist */,
			);
			path = PickerDate;
			sourceTree = "<group>";
		};
/* End PBXGroup section */

/* Begin PBXNativeTarget section */
		87E9FFBA1C6DA90F00CCBECA /* PickerDate */ = {
			isa = PBXNativeTarget;
			buildConfigurationList = 87E9FFCD1C6DA90F00CCBECA /* Build configuration list for PBXNativeTarget "PickerDate" */;
			buildPhases = (
				87E9FFB71C6DA90F00CCBECA /* Sources */,
				87E9FFB81C6DA90F00CCBECA /* Frameworks */,
				87E9FFB91C6DA90F00CCBECA /* Resources */,
			);
			buildRules = (
			);
			dependencies = (
			);
			name = PickerDate;
			productName = PickerDate;
			productReference = 87E9FFBB1C6DA90F00CCBECA /* PickerDate.app */;
			productType = "com.apple.product-type.application";
		};
/* End PBXNativeTarget section */

/* Begin PBXProject section */
		87E9FFB31C6DA90F00CCBECA /* Project object */ = {
			isa = PBXProject;
			attributes = {
				LastSwiftUpdateCheck = 0720;
				LastUpgradeCheck = 0720;
				ORGANIZATIONNAME = "Jian Su";
				TargetAttributes = {
					87E9FFBA1C6DA90F00CCBECA = {
						CreatedOnToolsVersion = 7.2;
					};
				};
			};
			buildConfigurationList = 87E9FFB61C6DA90F00CCBECA /* Build configuration list for PBXProject "PickerDate" */;
			compatibilityVersion = "Xcode 3.2";
			developmentRegion = English;
			hasScannedForEncodings = 0;
			knownRegions = (
				en,
				Base,
			);
			mainGroup = 87E9FFB21C6DA90F00CCBECA;
			productRefGroup = 87E9FFBC1C6DA90F00CCBECA /* Products */;
			projectDirPath = "";
			projectRoot = "";
			targets = (
				87E9FFBA1C6DA90F00CCBECA /* PickerDate */,
			);
		};
/* End PBXProject section */

/* Begin PBXResourcesBuildPhase section */
		87E9FFB91C6DA90F00CCBECA /* Resources */ = {
			isa = PBXResourcesBuildPhase;
			buildActionMask = 2147483647;
			files = (
				87E9FFC91C6DA90F00CCBECA /* LaunchScreen.storyboard in Resources */,
				87E9FFC61C6DA90F00CCBECA /* Assets.xcassets in Resources */,
				87E9FFC41C6DA90F00CCBECA /* Main.storyboard in Resources */,
			);
			runOnlyForDeploymentPostprocessing = 0;
		};
/* End PBXResourcesBuildPhase section */

/* Begin PBXSourcesBuildPhase section */
		87E9FFB71C6DA90F00CCBECA /* Sources */ = {
			isa = PBXSourcesBuildPhase;
			buildActionMask = 2147483647;
			files = (
				87E9FFC11C6DA90F00CCBECA /* ViewController.swift in Sources */,
				87E9FFBF1C6DA90F00CCBECA /* AppDelegate.swift in Sources */,
			);
			runOnlyForDeploymentPostprocessing = 0;
		};
/* End PBXSourcesBuildPhase section */

/* Begin PBXVariantGroup section */
		87E9FFC21C6DA90F00CCBECA /* Main.storyboard */ = {
			isa = PBXVariantGroup;
			children = (
				87E9FFC31C6DA90F00CCBECA /* Base */,
			);
			name = Main.storyboard;
			sourceTree = "<group>";
		};
		87E9FFC71C6DA90F00CCBECA /* LaunchScreen.storyboard */ = {
			isa = PBXVariantGroup;
			children = (
				87E9FFC81C6DA90F00CCBECA /* Base */,
			);
			name = LaunchScreen.storyboard;
			sourceTree = "<group>";
		};
/* End PBXVariantGroup section */

/* Begin XCBuildConfiguration section */
		87E9FFCB1C6DA90F00CCBECA /* Debug */ = {
			isa = XCBuildConfiguration;
			buildSettings = {
				ALWAYS_SEARCH_USER_PATHS = NO;
				CLANG_CXX_LANGUAGE_STANDARD = "gnu++0x";
				CLANG_CXX_LIBRARY = "libc++";
				CLANG_ENABLE_MODULES = YES;
				CLANG_ENABLE_OBJC_ARC = YES;
				CLANG_WARN_BOOL_CONVERSION = YES;
				CLANG_WARN_CONSTANT_CONVERSION = YES;
				CLANG_WARN_DIRECT_OBJC_ISA_USAGE = YES_ERROR;
				CLANG_WARN_EMPTY_BODY = YES;
				CLANG_WARN_ENUM_CONVERSION = YES;
				CLANG_WARN_INT_CONVERSION = YES;
				CLANG_WARN_OBJC_ROOT_CLASS = YES_ERROR;
				CLANG_WARN_UNREACHABLE_CODE = YES;
				CLANG_WARN__DUPLICATE_METHOD_MATCH = YES;
				"CODE_SIGN_IDENTITY[sdk=iphoneos*]" = "iPhone Developer";
				COPY_PHASE_STRIP = NO;
				DEBUG_INFORMATION_FORMAT = dwarf;
				ENABLE_STRICT_OBJC_MSGSEND = YES;
				ENABLE_TESTABILITY = YES;
				GCC_C_LANGUAGE_STANDARD = gnu99;
				GCC_DYNAMIC_NO_PIC = NO;
				GCC_NO_COMMON_BLOCKS = YES;
				GCC_OPTIMIZATION_LEVEL = 0;
				GCC_PREPROCESSOR_DEFINITIONS = (
					"DEBUG=1",
					"$(inherited)",
				);
				GCC_WARN_64_TO_32_BIT_CONVERSION = YES;
				GCC_WARN_ABOUT_RETURN_TYPE = YES_ERROR;
				GCC_WARN_UNDECLARED_SELECTOR = YES;
				GCC_WARN_UNINITIALIZED_AUTOS = YES_AGGRESSIVE;
				GCC_WARN_UNUSED_FUNCTION = YES;
				GCC_WARN_UNUSED_VARIABLE = YES;
				IPHONEOS_DEPLOYMENT_TARGET = 9.2;
				MTL_ENABLE_DEBUG_INFO = YES;
				ONLY_ACTIVE_ARCH = YES;
				SDKROOT = iphoneos;
				SWIFT_OPTIMIZATION_LEVEL = "-Onone";
				TARGETED_DEVICE_FAMILY = "1,2";
			};
			name = Debug;
		};
		87E9FFCC1C6DA90F00CCBECA /* Release */ = {
			isa = XCBuildConfiguration;
			buildSettings = {
				ALWAYS_SEARCH_USER_PATHS = NO;
				CLANG_CXX_LANGUAGE_STANDARD = "gnu++0x";
				CLANG_CXX_LIBRARY = "libc++";
				CLANG_ENABLE_MODULES = YES;
				CLANG_ENABLE_OBJC_ARC = YES;
				CLANG_WARN_BOOL_CONVERSION = YES;
				CLANG_WARN_CONSTANT_CONVERSION = YES;
				CLANG_WARN_DIRECT_OBJC_ISA_USAGE = YES_ERROR;
				CLANG_WARN_EMPTY_BODY = YES;
				CLANG_WARN_ENUM_CONVERSION = YES;
				CLANG_WARN_INT_CONVERSION = YES;
				CLANG_WARN_OBJC_ROOT_CLASS = YES_ERROR;
				CLANG_WARN_UNREACHABLE_CODE = YES;
				CLANG_WARN__DUPLICATE_METHOD_MATCH = YES;
				"CODE_SIGN_IDENTITY[sdk=iphoneos*]" = "iPhone Developer";
				COPY_PHASE_STRIP = NO;
				DEBUG_INFORMATION_FORMAT = "dwarf-with-dsym";
				ENABLE_NS_ASSERTIONS = NO;
				ENABLE_STRICT_OBJC_MSGSEND = YES;
				GCC_C_LANGUAGE_STANDARD = gnu99;
				GCC_NO_COMMON_BLOCKS = YES;
				GCC_WARN_64_TO_32_BIT_CONVERSION = YES;
				GCC_WARN_ABOUT_RETURN_TYPE = YES_ERROR;
				GCC_WARN_UNDECLARED_SELECTOR = YES;
				GCC_WARN_UNINITIALIZED_AUTOS = YES_AGGRESSIVE;
				GCC_WARN_UNUSED_FUNCTION = YES;
				GCC_WARN_UNUSED_VARIABLE = YES;
				IPHONEOS_DEPLOYMENT_TARGET = 9.2;
				MTL_ENABLE_DEBUG_INFO = NO;
				SDKROOT = iphoneos;
				TARGETED_DEVICE_FAMILY = "1,2";
				VALIDATE_PRODUCT = YES;
			};
			name = Release;
		};
		87E9FFCE1C6DA90F00CCBECA /* Debug */ = {
			isa = XCBuildConfiguration;
			buildSettings = {
				ASSETCATALOG_COMPILER_APPICON_NAME = AppIcon;
				INFOPLIST_FILE = PickerDate/Info.plist;
				LD_RUNPATH_SEARCH_PATHS = "$(inherited) @executable_path/Frameworks";
				PRODUCT_BUNDLE_IDENTIFIER = design.chrissu.PickerDate;
				PRODUCT_NAME = "$(TARGET_NAME)";
			};
			name = Debug;
		};
		87E9FFCF1C6DA90F00CCBECA /* Release */ = {
			isa = XCBuildConfiguration;
			buildSettings = {
				ASSETCATALOG_COMPILER_APPICON_NAME = AppIcon;
				INFOPLIST_FILE = PickerDate/Info.plist;
				LD_RUNPATH_SEARCH_PATHS = "$(inherited) @executable_path/Frameworks";
				PRODUCT_BUNDLE_IDENTIFIER = design.chrissu.PickerDate;
				PRODUCT_NAME = "$(TARGET_NAME)";
			};
			name = Release;
		};
/* End XCBuildConfiguration section */

/* Begin XCConfigurationList section */
		87E9FFB61C6DA90F00CCBECA /* Build configuration list for PBXProject "PickerDate" */ = {
			isa = XCConfigurationList;
			buildConfigurations = (
				87E9FFCB1C6DA90F00CCBECA /* Debug */,
				87E9FFCC1C6DA90F00CCBECA /* Release */,
			);
			defaultConfigurationIsVisible = 0;
			defaultConfigurationName = Release;
		};
		87E9FFCD1C6DA90F00CCBECA /* Build configuration list for PBXNativeTarget "PickerDate" */ = {
			isa = XCConfigurationList;
			buildConfigurations = (
				87E9FFCE1C6DA90F00CCBECA /* Debug */,
				87E9FFCF1C6DA90F00CCBECA /* Release */,
			);
			defaultConfigurationIsVisible = 0;
		};
/* End XCConfigurationList section */
	};
	rootObject = 87E9FFB31C6DA90F00CCBECA /* Project object */;
}
