// !$*UTF8*$!
{
	archiveVersion = 1;
	classes = {
	};
	objectVersion = 46;
	objects = {

/* Begin PBXBuildFile section */
		879997BE1D31C413001FF3C9 /* AppDelegate.swift in Sources */ = {isa = PBXBuildFile; fileRef = 879997BD1D31C413001FF3C9 /* AppDelegate.swift */; };
		879997C21D31C413001FF3C9 /* GameScene.swift in Sources */ = {isa = PBXBuildFile; fileRef = 879997C11D31C413001FF3C9 /* GameScene.swift */; };
		879997C41D31C413001FF3C9 /* GameViewController.swift in Sources */ = {isa = PBXBuildFile; fileRef = 879997C31D31C413001FF3C9 /* GameViewController.swift */; };
		879997C71D31C413001FF3C9 /* Main.storyboard in Resources */ = {isa = PBXBuildFile; fileRef = 879997C51D31C413001FF3C9 /* Main.storyboard */; };
		879997C91D31C413001FF3C9 /* Assets.xcassets in Resources */ = {isa = PBXBuildFile; fileRef = 879997C81D31C413001FF3C9 /* Assets.xcassets */; };
		879997CC1D31C413001FF3C9 /* LaunchScreen.storyboard in Resources */ = {isa = PBXBuildFile; fileRef = 879997CA1D31C413001FF3C9 /* LaunchScreen.storyboard */; };
		879997D41D31D0BB001FF3C9 /* MyUtils.swift in Sources */ = {isa = PBXBuildFile; fileRef = 879997D31D31D0BB001FF3C9 /* MyUtils.swift */; };
/* End PBXBuildFile section */

/* Begin PBXFileReference section */
		879997BA1D31C412001FF3C9 /* Zombie.app */ = {isa = PBXFileReference; explicitFileType = wrapper.application; includeInIndex = 0; path = Zombie.app; sourceTree = BUILT_PRODUCTS_DIR; };
		879997BD1D31C413001FF3C9 /* AppDelegate.swift */ = {isa = PBXFileReference; lastKnownFileType = sourcecode.swift; path = AppDelegate.swift; sourceTree = "<group>"; };
		879997C11D31C413001FF3C9 /* GameScene.swift */ = {isa = PBXFileReference; lastKnownFileType = sourcecode.swift; path = GameScene.swift; sourceTree = "<group>"; };
		879997C31D31C413001FF3C9 /* GameViewController.swift */ = {isa = PBXFileReference; lastKnownFileType = sourcecode.swift; path = GameViewController.swift; sourceTree = "<group>"; };
		879997C61D31C413001FF3C9 /* Base */ = {isa = PBXFileReference; lastKnownFileType = file.storyboard; name = Base; path = Base.lproj/Main.storyboard; sourceTree = "<group>"; };
		879997C81D31C413001FF3C9 /* Assets.xcassets */ = {isa = PBXFileReference; lastKnownFileType = folder.assetcatalog; path = Assets.xcassets; sourceTree = "<group>"; };
		879997CB1D31C413001FF3C9 /* Base */ = {isa = PBXFileReference; lastKnownFileType = file.storyboard; name = Base; path = Base.lproj/LaunchScreen.storyboard; sourceTree = "<group>"; };
		879997CD1D31C413001FF3C9 /* Info.plist */ = {isa = PBXFileReference; lastKnownFileType = text.plist.xml; path = Info.plist; sourceTree = "<group>"; };
		879997D31D31D0BB001FF3C9 /* MyUtils.swift */ = {isa = PBXFileReference; fileEncoding = 4; lastKnownFileType = sourcecode.swift; path = MyUtils.swift; sourceTree = "<group>"; };
/* End PBXFileReference section */

/* Begin PBXFrameworksBuildPhase section */
		879997B71D31C412001FF3C9 /* Frameworks */ = {
			isa = PBXFrameworksBuildPhase;
			buildActionMask = 2147483647;
			files = (
			);
			runOnlyForDeploymentPostprocessing = 0;
		};
/* End PBXFrameworksBuildPhase section */

/* Begin PBXGroup section */
		879997B11D31C412001FF3C9 = {
			isa = PBXGroup;
			children = (
				879997BC1D31C412001FF3C9 /* Zombie */,
				879997BB1D31C412001FF3C9 /* Products */,
			);
			sourceTree = "<group>";
		};
		879997BB1D31C412001FF3C9 /* Products */ = {
			isa = PBXGroup;
			children = (
				879997BA1D31C412001FF3C9 /* Zombie.app */,
			);
			name = Products;
			sourceTree = "<group>";
		};
		879997BC1D31C412001FF3C9 /* Zombie */ = {
			isa = PBXGroup;
			children = (
				879997BD1D31C413001FF3C9 /* AppDelegate.swift */,
				879997C11D31C413001FF3C9 /* GameScene.swift */,
				879997D31D31D0BB001FF3C9 /* MyUtils.swift */,
				879997C31D31C413001FF3C9 /* GameViewController.swift */,
				879997C51D31C413001FF3C9 /* Main.storyboard */,
				879997C81D31C413001FF3C9 /* Assets.xcassets */,
				879997CA1D31C413001FF3C9 /* LaunchScreen.storyboard */,
				879997CD1D31C413001FF3C9 /* Info.plist */,
			);
			path = Zombie;
			sourceTree = "<group>";
		};
/* End PBXGroup section */

/* Begin PBXNativeTarget section */
		879997B91D31C412001FF3C9 /* Zombie */ = {
			isa = PBXNativeTarget;
			buildConfigurationList = 879997D01D31C413001FF3C9 /* Build configuration list for PBXNativeTarget "Zombie" */;
			buildPhases = (
				879997B61D31C412001FF3C9 /* Sources */,
				879997B71D31C412001FF3C9 /* Frameworks */,
				879997B81D31C412001FF3C9 /* Resources */,
			);
			buildRules = (
			);
			dependencies = (
			);
			name = Zombie;
			productName = Zombie;
			productReference = 879997BA1D31C412001FF3C9 /* Zombie.app */;
			productType = "com.apple.product-type.application";
		};
/* End PBXNativeTarget section */

/* Begin PBXProject section */
		879997B21D31C412001FF3C9 /* Project object */ = {
			isa = PBXProject;
			attributes = {
				LastSwiftUpdateCheck = 0730;
				LastUpgradeCheck = 0730;
				ORGANIZATIONNAME = "Jian Su";
				TargetAttributes = {
					879997B91D31C412001FF3C9 = {
						CreatedOnToolsVersion = 7.3.1;
					};
				};
			};
			buildConfigurationList = 879997B51D31C412001FF3C9 /* Build configuration list for PBXProject "Zombie" */;
			compatibilityVersion = "Xcode 3.2";
			developmentRegion = English;
			hasScannedForEncodings = 0;
			knownRegions = (
				en,
				Base,
			);
			mainGroup = 879997B11D31C412001FF3C9;
			productRefGroup = 879997BB1D31C412001FF3C9 /* Products */;
			projectDirPath = "";
			projectRoot = "";
			targets = (
				879997B91D31C412001FF3C9 /* Zombie */,
			);
		};
/* End PBXProject section */

/* Begin PBXResourcesBuildPhase section */
		879997B81D31C412001FF3C9 /* Resources */ = {
			isa = PBXResourcesBuildPhase;
			buildActionMask = 2147483647;
			files = (
				879997CC1D31C413001FF3C9 /* LaunchScreen.storyboard in Resources */,
				879997C91D31C413001FF3C9 /* Assets.xcassets in Resources */,
				879997C71D31C413001FF3C9 /* Main.storyboard in Resources */,
			);
			runOnlyForDeploymentPostprocessing = 0;
		};
/* End PBXResourcesBuildPhase section */

/* Begin PBXSourcesBuildPhase section */
		879997B61D31C412001FF3C9 /* Sources */ = {
			isa = PBXSourcesBuildPhase;
			buildActionMask = 2147483647;
			files = (
				879997C21D31C413001FF3C9 /* GameScene.swift in Sources */,
				879997C41D31C413001FF3C9 /* GameViewController.swift in Sources */,
				879997BE1D31C413001FF3C9 /* AppDelegate.swift in Sources */,
				879997D41D31D0BB001FF3C9 /* MyUtils.swift in Sources */,
			);
			runOnlyForDeploymentPostprocessing = 0;
		};
/* End PBXSourcesBuildPhase section */

/* Begin PBXVariantGroup section */
		879997C51D31C413001FF3C9 /* Main.storyboard */ = {
			isa = PBXVariantGroup;
			children = (
				879997C61D31C413001FF3C9 /* Base */,
			);
			name = Main.storyboard;
			sourceTree = "<group>";
		};
		879997CA1D31C413001FF3C9 /* LaunchScreen.storyboard */ = {
			isa = PBXVariantGroup;
			children = (
				879997CB1D31C413001FF3C9 /* Base */,
			);
			name = LaunchScreen.storyboard;
			sourceTree = "<group>";
		};
/* End PBXVariantGroup section */

/* Begin XCBuildConfiguration section */
		879997CE1D31C413001FF3C9 /* Debug */ = {
			isa = XCBuildConfiguration;
			buildSettings = {
				ALWAYS_SEARCH_USER_PATHS = NO;
				CLANG_ANALYZER_NONNULL = YES;
				CLANG_CXX_LANGUAGE_STANDARD = "gnu++0x";
				CLANG_CXX_LIBRARY = "libc++";
				CLANG_ENABLE_MODULES = YES;
				CLANG_ENABLE_OBJC_ARC = YES;
				CLANG_WARN_BOOL_CONVERSION = YES;
				CLANG_WARN_CONSTANT_CONVERSION = YES;
				CLANG_WARN_DIRECT_OBJC_ISA_USAGE = YES_ERROR;
				CLANG_WARN_EMPTY_BODY = YES;
				CLANG_WARN_ENUM_CONVERSION = YES;
				CLANG_WARN_INT_CONVERSION = YES;
				CLANG_WARN_OBJC_ROOT_CLASS = YES_ERROR;
				CLANG_WARN_UNREACHABLE_CODE = YES;
				CLANG_WARN__DUPLICATE_METHOD_MATCH = YES;
				"CODE_SIGN_IDENTITY[sdk=iphoneos*]" = "iPhone Developer";
				COPY_PHASE_STRIP = NO;
				DEBUG_INFORMATION_FORMAT = "dwarf-with-dsym";
				ENABLE_STRICT_OBJC_MSGSEND = YES;
				ENABLE_TESTABILITY = YES;
				GCC_C_LANGUAGE_STANDARD = gnu99;
				GCC_DYNAMIC_NO_PIC = NO;
				GCC_NO_COMMON_BLOCKS = YES;
				GCC_OPTIMIZATION_LEVEL = 0;
				GCC_PREPROCESSOR_DEFINITIONS = (
					"DEBUG=1",
					"$(inherited)",
				);
				GCC_WARN_64_TO_32_BIT_CONVERSION = YES;
				GCC_WARN_ABOUT_RETURN_TYPE = YES_ERROR;
				GCC_WARN_UNDECLARED_SELECTOR = YES;
				GCC_WARN_UNINITIALIZED_AUTOS = YES_AGGRESSIVE;
				GCC_WARN_UNUSED_FUNCTION = YES;
				GCC_WARN_UNUSED_VARIABLE = YES;
				IPHONEOS_DEPLOYMENT_TARGET = 9.3;
				MTL_ENABLE_DEBUG_INFO = YES;
				ONLY_ACTIVE_ARCH = YES;
				SDKROOT = iphoneos;
				SWIFT_OPTIMIZATION_LEVEL = "-Onone";
				TARGETED_DEVICE_FAMILY = "1,2";
			};
			name = Debug;
		};
		879997CF1D31C413001FF3C9 /* Release */ = {
			isa = XCBuildConfiguration;
			buildSettings = {
				ALWAYS_SEARCH_USER_PATHS = NO;
				CLANG_ANALYZER_NONNULL = YES;
				CLANG_CXX_LANGUAGE_STANDARD = "gnu++0x";
				CLANG_CXX_LIBRARY = "libc++";
				CLANG_ENABLE_MODULES = YES;
				CLANG_ENABLE_OBJC_ARC = YES;
				CLANG_WARN_BOOL_CONVERSION = YES;
				CLANG_WARN_CONSTANT_CONVERSION = YES;
				CLANG_WARN_DIRECT_OBJC_ISA_USAGE = YES_ERROR;
				CLANG_WARN_EMPTY_BODY = YES;
				CLANG_WARN_ENUM_CONVERSION = YES;
				CLANG_WARN_INT_CONVERSION = YES;
				CLANG_WARN_OBJC_ROOT_CLASS = YES_ERROR;
				CLANG_WARN_UNREACHABLE_CODE = YES;
				CLANG_WARN__DUPLICATE_METHOD_MATCH = YES;
				"CODE_SIGN_IDENTITY[sdk=iphoneos*]" = "iPhone Developer";
				COPY_PHASE_STRIP = NO;
				DEBUG_INFORMATION_FORMAT = "dwarf-with-dsym";
				ENABLE_NS_ASSERTIONS = NO;
				ENABLE_STRICT_OBJC_MSGSEND = YES;
				GCC_C_LANGUAGE_STANDARD = gnu99;
				GCC_NO_COMMON_BLOCKS = YES;
				GCC_WARN_64_TO_32_BIT_CONVERSION = YES;
				GCC_WARN_ABOUT_RETURN_TYPE = YES_ERROR;
				GCC_WARN_UNDECLARED_SELECTOR = YES;
				GCC_WARN_UNINITIALIZED_AUTOS = YES_AGGRESSIVE;
				GCC_WARN_UNUSED_FUNCTION = YES;
				GCC_WARN_UNUSED_VARIABLE = YES;
				IPHONEOS_DEPLOYMENT_TARGET = 9.3;
				MTL_ENABLE_DEBUG_INFO = NO;
				SDKROOT = iphoneos;
				TARGETED_DEVICE_FAMILY = "1,2";
				VALIDATE_PRODUCT = YES;
			};
			name = Release;
		};
		879997D11D31C413001FF3C9 /* Debug */ = {
			isa = XCBuildConfiguration;
			buildSettings = {
				ASSETCATALOG_COMPILER_APPICON_NAME = AppIcon;
				INFOPLIST_FILE = Zombie/Info.plist;
				LD_RUNPATH_SEARCH_PATHS = "$(inherited) @executable_path/Frameworks";
				PRODUCT_BUNDLE_IDENTIFIER = org.xzerox.Zombie;
				PRODUCT_NAME = "$(TARGET_NAME)";
			};
			name = Debug;
		};
		879997D21D31C413001FF3C9 /* Release */ = {
			isa = XCBuildConfiguration;
			buildSettings = {
				ASSETCATALOG_COMPILER_APPICON_NAME = AppIcon;
				INFOPLIST_FILE = Zombie/Info.plist;
				LD_RUNPATH_SEARCH_PATHS = "$(inherited) @executable_path/Frameworks";
				PRODUCT_BUNDLE_IDENTIFIER = org.xzerox.Zombie;
				PRODUCT_NAME = "$(TARGET_NAME)";
			};
			name = Release;
		};
/* End XCBuildConfiguration section */

/* Begin XCConfigurationList section */
		879997B51D31C412001FF3C9 /* Build configuration list for PBXProject "Zombie" */ = {
			isa = XCConfigurationList;
			buildConfigurations = (
				879997CE1D31C413001FF3C9 /* Debug */,
				879997CF1D31C413001FF3C9 /* Release */,
			);
			defaultConfigurationIsVisible = 0;
			defaultConfigurationName = Release;
		};
		879997D01D31C413001FF3C9 /* Build configuration list for PBXNativeTarget "Zombie" */ = {
			isa = XCConfigurationList;
			buildConfigurations = (
				879997D11D31C413001FF3C9 /* Debug */,
				879997D21D31C413001FF3C9 /* Release */,
			);
			defaultConfigurationIsVisible = 0;
		};
/* End XCConfigurationList section */
	};
	rootObject = 879997B21D31C412001FF3C9 /* Project object */;
}
