// !$*UTF8*$!
{
	archiveVersion = 1;
	classes = {
	};
	objectVersion = 46;
	objects = {

/* Begin PBXBuildFile section */
		873159F81C8414790089D698 /* MasterialView.swift in Sources */ = {isa = PBXBuildFile; fileRef = 873159F71C8414790089D698 /* MasterialView.swift */; };
		873159FC1C84153D0089D698 /* Constants.swift in Sources */ = {isa = PBXBuildFile; fileRef = 873159FB1C84153D0089D698 /* Constants.swift */; };
		87B068D01C83D09D006052E2 /* AppDelegate.swift in Sources */ = {isa = PBXBuildFile; fileRef = 87B068CF1C83D09D006052E2 /* AppDelegate.swift */; };
		87B068D21C83D09D006052E2 /* ViewController.swift in Sources */ = {isa = PBXBuildFile; fileRef = 87B068D11C83D09D006052E2 /* ViewController.swift */; };
		87B068D51C83D09D006052E2 /* Main.storyboard in Resources */ = {isa = PBXBuildFile; fileRef = 87B068D31C83D09D006052E2 /* Main.storyboard */; };
		87B068D71C83D09D006052E2 /* Assets.xcassets in Resources */ = {isa = PBXBuildFile; fileRef = 87B068D61C83D09D006052E2 /* Assets.xcassets */; };
		87B068DA1C83D09D006052E2 /* LaunchScreen.storyboard in Resources */ = {isa = PBXBuildFile; fileRef = 87B068D81C83D09D006052E2 /* LaunchScreen.storyboard */; };
		87B068E81C83D176006052E2 /* NotoSans-Bold.ttf in Resources */ = {isa = PBXBuildFile; fileRef = 87B068E41C83D176006052E2 /* NotoSans-Bold.ttf */; };
		87B068E91C83D176006052E2 /* NotoSans-BoldItalic.ttf in Resources */ = {isa = PBXBuildFile; fileRef = 87B068E51C83D176006052E2 /* NotoSans-BoldItalic.ttf */; };
		87B068EA1C83D176006052E2 /* NotoSans-Italic.ttf in Resources */ = {isa = PBXBuildFile; fileRef = 87B068E61C83D176006052E2 /* NotoSans-Italic.ttf */; };
		87B068EB1C83D176006052E2 /* NotoSans-Regular.ttf in Resources */ = {isa = PBXBuildFile; fileRef = 87B068E71C83D176006052E2 /* NotoSans-Regular.ttf */; };
/* End PBXBuildFile section */

/* Begin PBXFileReference section */
		873159F71C8414790089D698 /* MasterialView.swift */ = {isa = PBXFileReference; fileEncoding = 4; lastKnownFileType = sourcecode.swift; path = MasterialView.swift; sourceTree = "<group>"; };
		873159FB1C84153D0089D698 /* Constants.swift */ = {isa = PBXFileReference; fileEncoding = 4; lastKnownFileType = sourcecode.swift; path = Constants.swift; sourceTree = "<group>"; };
		87B068CC1C83D09D006052E2 /* dispensing-fee.app */ = {isa = PBXFileReference; explicitFileType = wrapper.application; includeInIndex = 0; path = "dispensing-fee.app"; sourceTree = BUILT_PRODUCTS_DIR; };
		87B068CF1C83D09D006052E2 /* AppDelegate.swift */ = {isa = PBXFileReference; lastKnownFileType = sourcecode.swift; path = AppDelegate.swift; sourceTree = "<group>"; };
		87B068D11C83D09D006052E2 /* ViewController.swift */ = {isa = PBXFileReference; lastKnownFileType = sourcecode.swift; path = ViewController.swift; sourceTree = "<group>"; };
		87B068D41C83D09D006052E2 /* Base */ = {isa = PBXFileReference; lastKnownFileType = file.storyboard; name = Base; path = Base.lproj/Main.storyboard; sourceTree = "<group>"; };
		87B068D61C83D09D006052E2 /* Assets.xcassets */ = {isa = PBXFileReference; lastKnownFileType = folder.assetcatalog; path = Assets.xcassets; sourceTree = "<group>"; };
		87B068D91C83D09D006052E2 /* Base */ = {isa = PBXFileReference; lastKnownFileType = file.storyboard; name = Base; path = Base.lproj/LaunchScreen.storyboard; sourceTree = "<group>"; };
		87B068DB1C83D09D006052E2 /* Info.plist */ = {isa = PBXFileReference; lastKnownFileType = text.plist.xml; path = Info.plist; sourceTree = "<group>"; };
		87B068E41C83D176006052E2 /* NotoSans-Bold.ttf */ = {isa = PBXFileReference; lastKnownFileType = file; path = "NotoSans-Bold.ttf"; sourceTree = "<group>"; };
		87B068E51C83D176006052E2 /* NotoSans-BoldItalic.ttf */ = {isa = PBXFileReference; lastKnownFileType = file; path = "NotoSans-BoldItalic.ttf"; sourceTree = "<group>"; };
		87B068E61C83D176006052E2 /* NotoSans-Italic.ttf */ = {isa = PBXFileReference; lastKnownFileType = file; path = "NotoSans-Italic.ttf"; sourceTree = "<group>"; };
		87B068E71C83D176006052E2 /* NotoSans-Regular.ttf */ = {isa = PBXFileReference; lastKnownFileType = file; path = "NotoSans-Regular.ttf"; sourceTree = "<group>"; };
/* End PBXFileReference section */

/* Begin PBXFrameworksBuildPhase section */
		87B068C91C83D09D006052E2 /* Frameworks */ = {
			isa = PBXFrameworksBuildPhase;
			buildActionMask = 2147483647;
			files = (
			);
			runOnlyForDeploymentPostprocessing = 0;
		};
/* End PBXFrameworksBuildPhase section */

/* Begin PBXGroup section */
		873159FA1C8414FA0089D698 /* Util */ = {
			isa = PBXGroup;
			children = (
				873159FB1C84153D0089D698 /* Constants.swift */,
			);
			name = Util;
			sourceTree = "<group>";
		};
		87B068C31C83D09D006052E2 = {
			isa = PBXGroup;
			children = (
				87B068CE1C83D09D006052E2 /* dispensing-fee */,
				87B068CD1C83D09D006052E2 /* Products */,
			);
			sourceTree = "<group>";
		};
		87B068CD1C83D09D006052E2 /* Products */ = {
			isa = PBXGroup;
			children = (
				87B068CC1C83D09D006052E2 /* dispensing-fee.app */,
			);
			name = Products;
			sourceTree = "<group>";
		};
		87B068CE1C83D09D006052E2 /* dispensing-fee */ = {
			isa = PBXGroup;
			children = (
				873159FA1C8414FA0089D698 /* Util */,
				87B068E31C83D10D006052E2 /* Resources */,
				87B068E21C83D0FB006052E2 /* View */,
				87B068E11C83D0EE006052E2 /* Controller */,
				87B068CF1C83D09D006052E2 /* AppDelegate.swift */,
				87B068D11C83D09D006052E2 /* ViewController.swift */,
				87B068D31C83D09D006052E2 /* Main.storyboard */,
				87B068D61C83D09D006052E2 /* Assets.xcassets */,
				87B068D81C83D09D006052E2 /* LaunchScreen.storyboard */,
				87B068DB1C83D09D006052E2 /* Info.plist */,
			);
			path = "dispensing-fee";
			sourceTree = "<group>";
		};
		87B068E11C83D0EE006052E2 /* Controller */ = {
			isa = PBXGroup;
			children = (
			);
			name = Controller;
			sourceTree = "<group>";
		};
		87B068E21C83D0FB006052E2 /* View */ = {
			isa = PBXGroup;
			children = (
				873159F71C8414790089D698 /* MasterialView.swift */,
			);
			name = View;
			sourceTree = "<group>";
		};
		87B068E31C83D10D006052E2 /* Resources */ = {
			isa = PBXGroup;
			children = (
				87B068E41C83D176006052E2 /* NotoSans-Bold.ttf */,
				87B068E51C83D176006052E2 /* NotoSans-BoldItalic.ttf */,
				87B068E61C83D176006052E2 /* NotoSans-Italic.ttf */,
				87B068E71C83D176006052E2 /* NotoSans-Regular.ttf */,
			);
			name = Resources;
			sourceTree = "<group>";
		};
/* End PBXGroup section */

/* Begin PBXNativeTarget section */
		87B068CB1C83D09D006052E2 /* dispensing-fee */ = {
			isa = PBXNativeTarget;
			buildConfigurationList = 87B068DE1C83D09D006052E2 /* Build configuration list for PBXNativeTarget "dispensing-fee" */;
			buildPhases = (
				87B068C81C83D09D006052E2 /* Sources */,
				87B068C91C83D09D006052E2 /* Frameworks */,
				87B068CA1C83D09D006052E2 /* Resources */,
			);
			buildRules = (
			);
			dependencies = (
			);
			name = "dispensing-fee";
			productName = "dispensing-fee";
			productReference = 87B068CC1C83D09D006052E2 /* dispensing-fee.app */;
			productType = "com.apple.product-type.application";
		};
/* End PBXNativeTarget section */

/* Begin PBXProject section */
		87B068C41C83D09D006052E2 /* Project object */ = {
			isa = PBXProject;
			attributes = {
				LastSwiftUpdateCheck = 0720;
				LastUpgradeCheck = 0720;
				ORGANIZATIONNAME = ZeroTech;
				TargetAttributes = {
					87B068CB1C83D09D006052E2 = {
						CreatedOnToolsVersion = 7.2.1;
					};
				};
			};
			buildConfigurationList = 87B068C71C83D09D006052E2 /* Build configuration list for PBXProject "dispensing-fee" */;
			compatibilityVersion = "Xcode 3.2";
			developmentRegion = English;
			hasScannedForEncodings = 0;
			knownRegions = (
				en,
				Base,
			);
			mainGroup = 87B068C31C83D09D006052E2;
			productRefGroup = 87B068CD1C83D09D006052E2 /* Products */;
			projectDirPath = "";
			projectRoot = "";
			targets = (
				87B068CB1C83D09D006052E2 /* dispensing-fee */,
			);
		};
/* End PBXProject section */

/* Begin PBXResourcesBuildPhase section */
		87B068CA1C83D09D006052E2 /* Resources */ = {
			isa = PBXResourcesBuildPhase;
			buildActionMask = 2147483647;
			files = (
				87B068E81C83D176006052E2 /* NotoSans-Bold.ttf in Resources */,
				87B068DA1C83D09D006052E2 /* LaunchScreen.storyboard in Resources */,
				87B068E91C83D176006052E2 /* NotoSans-BoldItalic.ttf in Resources */,
				87B068EA1C83D176006052E2 /* NotoSans-Italic.ttf in Resources */,
				87B068D71C83D09D006052E2 /* Assets.xcassets in Resources */,
				87B068D51C83D09D006052E2 /* Main.storyboard in Resources */,
				87B068EB1C83D176006052E2 /* NotoSans-Regular.ttf in Resources */,
			);
			runOnlyForDeploymentPostprocessing = 0;
		};
/* End PBXResourcesBuildPhase section */

/* Begin PBXSourcesBuildPhase section */
		87B068C81C83D09D006052E2 /* Sources */ = {
			isa = PBXSourcesBuildPhase;
			buildActionMask = 2147483647;
			files = (
				87B068D21C83D09D006052E2 /* ViewController.swift in Sources */,
				87B068D01C83D09D006052E2 /* AppDelegate.swift in Sources */,
				873159F81C8414790089D698 /* MasterialView.swift in Sources */,
				873159FC1C84153D0089D698 /* Constants.swift in Sources */,
			);
			runOnlyForDeploymentPostprocessing = 0;
		};
/* End PBXSourcesBuildPhase section */

/* Begin PBXVariantGroup section */
		87B068D31C83D09D006052E2 /* Main.storyboard */ = {
			isa = PBXVariantGroup;
			children = (
				87B068D41C83D09D006052E2 /* Base */,
			);
			name = Main.storyboard;
			sourceTree = "<group>";
		};
		87B068D81C83D09D006052E2 /* LaunchScreen.storyboard */ = {
			isa = PBXVariantGroup;
			children = (
				87B068D91C83D09D006052E2 /* Base */,
			);
			name = LaunchScreen.storyboard;
			sourceTree = "<group>";
		};
/* End PBXVariantGroup section */

/* Begin XCBuildConfiguration section */
		87B068DC1C83D09D006052E2 /* Debug */ = {
			isa = XCBuildConfiguration;
			buildSettings = {
				ALWAYS_SEARCH_USER_PATHS = NO;
				CLANG_CXX_LANGUAGE_STANDARD = "gnu++0x";
				CLANG_CXX_LIBRARY = "libc++";
				CLANG_ENABLE_MODULES = YES;
				CLANG_ENABLE_OBJC_ARC = YES;
				CLANG_WARN_BOOL_CONVERSION = YES;
				CLANG_WARN_CONSTANT_CONVERSION = YES;
				CLANG_WARN_DIRECT_OBJC_ISA_USAGE = YES_ERROR;
				CLANG_WARN_EMPTY_BODY = YES;
				CLANG_WARN_ENUM_CONVERSION = YES;
				CLANG_WARN_INT_CONVERSION = YES;
				CLANG_WARN_OBJC_ROOT_CLASS = YES_ERROR;
				CLANG_WARN_UNREACHABLE_CODE = YES;
				CLANG_WARN__DUPLICATE_METHOD_MATCH = YES;
				"CODE_SIGN_IDENTITY[sdk=iphoneos*]" = "iPhone Developer";
				COPY_PHASE_STRIP = NO;
				DEBUG_INFORMATION_FORMAT = dwarf;
				ENABLE_STRICT_OBJC_MSGSEND = YES;
				ENABLE_TESTABILITY = YES;
				GCC_C_LANGUAGE_STANDARD = gnu99;
				GCC_DYNAMIC_NO_PIC = NO;
				GCC_NO_COMMON_BLOCKS = YES;
				GCC_OPTIMIZATION_LEVEL = 0;
				GCC_PREPROCESSOR_DEFINITIONS = (
					"DEBUG=1",
					"$(inherited)",
				);
				GCC_WARN_64_TO_32_BIT_CONVERSION = YES;
				GCC_WARN_ABOUT_RETURN_TYPE = YES_ERROR;
				GCC_WARN_UNDECLARED_SELECTOR = YES;
				GCC_WARN_UNINITIALIZED_AUTOS = YES_AGGRESSIVE;
				GCC_WARN_UNUSED_FUNCTION = YES;
				GCC_WARN_UNUSED_VARIABLE = YES;
				IPHONEOS_DEPLOYMENT_TARGET = 9.2;
				MTL_ENABLE_DEBUG_INFO = YES;
				ONLY_ACTIVE_ARCH = YES;
				SDKROOT = iphoneos;
				SWIFT_OPTIMIZATION_LEVEL = "-Onone";
				TARGETED_DEVICE_FAMILY = "1,2";
			};
			name = Debug;
		};
		87B068DD1C83D09D006052E2 /* Release */ = {
			isa = XCBuildConfiguration;
			buildSettings = {
				ALWAYS_SEARCH_USER_PATHS = NO;
				CLANG_CXX_LANGUAGE_STANDARD = "gnu++0x";
				CLANG_CXX_LIBRARY = "libc++";
				CLANG_ENABLE_MODULES = YES;
				CLANG_ENABLE_OBJC_ARC = YES;
				CLANG_WARN_BOOL_CONVERSION = YES;
				CLANG_WARN_CONSTANT_CONVERSION = YES;
				CLANG_WARN_DIRECT_OBJC_ISA_USAGE = YES_ERROR;
				CLANG_WARN_EMPTY_BODY = YES;
				CLANG_WARN_ENUM_CONVERSION = YES;
				CLANG_WARN_INT_CONVERSION = YES;
				CLANG_WARN_OBJC_ROOT_CLASS = YES_ERROR;
				CLANG_WARN_UNREACHABLE_CODE = YES;
				CLANG_WARN__DUPLICATE_METHOD_MATCH = YES;
				"CODE_SIGN_IDENTITY[sdk=iphoneos*]" = "iPhone Developer";
				COPY_PHASE_STRIP = NO;
				DEBUG_INFORMATION_FORMAT = "dwarf-with-dsym";
				ENABLE_NS_ASSERTIONS = NO;
				ENABLE_STRICT_OBJC_MSGSEND = YES;
				GCC_C_LANGUAGE_STANDARD = gnu99;
				GCC_NO_COMMON_BLOCKS = YES;
				GCC_WARN_64_TO_32_BIT_CONVERSION = YES;
				GCC_WARN_ABOUT_RETURN_TYPE = YES_ERROR;
				GCC_WARN_UNDECLARED_SELECTOR = YES;
				GCC_WARN_UNINITIALIZED_AUTOS = YES_AGGRESSIVE;
				GCC_WARN_UNUSED_FUNCTION = YES;
				GCC_WARN_UNUSED_VARIABLE = YES;
				IPHONEOS_DEPLOYMENT_TARGET = 9.2;
				MTL_ENABLE_DEBUG_INFO = NO;
				SDKROOT = iphoneos;
				TARGETED_DEVICE_FAMILY = "1,2";
				VALIDATE_PRODUCT = YES;
			};
			name = Release;
		};
		87B068DF1C83D09D006052E2 /* Debug */ = {
			isa = XCBuildConfiguration;
			buildSettings = {
				ASSETCATALOG_COMPILER_APPICON_NAME = AppIcon;
				INFOPLIST_FILE = "dispensing-fee/Info.plist";
				LD_RUNPATH_SEARCH_PATHS = "$(inherited) @executable_path/Frameworks";
				PRODUCT_BUNDLE_IDENTIFIER = "design.chrissu.dispensing-fee";
				PRODUCT_NAME = "$(TARGET_NAME)";
			};
			name = Debug;
		};
		87B068E01C83D09D006052E2 /* Release */ = {
			isa = XCBuildConfiguration;
			buildSettings = {
				ASSETCATALOG_COMPILER_APPICON_NAME = AppIcon;
				INFOPLIST_FILE = "dispensing-fee/Info.plist";
				LD_RUNPATH_SEARCH_PATHS = "$(inherited) @executable_path/Frameworks";
				PRODUCT_BUNDLE_IDENTIFIER = "design.chrissu.dispensing-fee";
				PRODUCT_NAME = "$(TARGET_NAME)";
			};
			name = Release;
		};
/* End XCBuildConfiguration section */

/* Begin XCConfigurationList section */
		87B068C71C83D09D006052E2 /* Build configuration list for PBXProject "dispensing-fee" */ = {
			isa = XCConfigurationList;
			buildConfigurations = (
				87B068DC1C83D09D006052E2 /* Debug */,
				87B068DD1C83D09D006052E2 /* Release */,
			);
			defaultConfigurationIsVisible = 0;
			defaultConfigurationName = Release;
		};
		87B068DE1C83D09D006052E2 /* Build configuration list for PBXNativeTarget "dispensing-fee" */ = {
			isa = XCConfigurationList;
			buildConfigurations = (
				87B068DF1C83D09D006052E2 /* Debug */,
				87B068E01C83D09D006052E2 /* Release */,
			);
			defaultConfigurationIsVisible = 0;
			defaultConfigurationName = Release;
		};
/* End XCConfigurationList section */
	};
	rootObject = 87B068C41C83D09D006052E2 /* Project object */;
}
