// !$*UTF8*$!
{
	archiveVersion = 1;
	classes = {
	};
	objectVersion = 46;
	objects = {

/* Begin PBXBuildFile section */
		8719A4851C4C090100B5AD1C /* ResponseJSONObjectSerializable.swift in Sources */ = {isa = PBXBuildFile; fileRef = 8719A4841C4C090000B5AD1C /* ResponseJSONObjectSerializable.swift */; };
		8719A4891C4C67C700B5AD1C /* AlamofireRequest+JSONSerializable.swift in Sources */ = {isa = PBXBuildFile; fileRef = 8719A4881C4C67C700B5AD1C /* AlamofireRequest+JSONSerializable.swift */; };
		8762C19A1C4B5DB000D66EA5 /* AppDelegate.swift in Sources */ = {isa = PBXBuildFile; fileRef = 8762C1991C4B5DB000D66EA5 /* AppDelegate.swift */; };
		8762C19C1C4B5DB000D66EA5 /* MasterViewController.swift in Sources */ = {isa = PBXBuildFile; fileRef = 8762C19B1C4B5DB000D66EA5 /* MasterViewController.swift */; };
		8762C19E1C4B5DB000D66EA5 /* DetailViewController.swift in Sources */ = {isa = PBXBuildFile; fileRef = 8762C19D1C4B5DB000D66EA5 /* DetailViewController.swift */; };
		8762C1A11C4B5DB000D66EA5 /* Main.storyboard in Resources */ = {isa = PBXBuildFile; fileRef = 8762C19F1C4B5DB000D66EA5 /* Main.storyboard */; };
		8762C1A31C4B5DB000D66EA5 /* Assets.xcassets in Resources */ = {isa = PBXBuildFile; fileRef = 8762C1A21C4B5DB000D66EA5 /* Assets.xcassets */; };
		8762C1A61C4B5DB000D66EA5 /* LaunchScreen.storyboard in Resources */ = {isa = PBXBuildFile; fileRef = 8762C1A41C4B5DB000D66EA5 /* LaunchScreen.storyboard */; };
		8762C1AE1C4B61B900D66EA5 /* GitHubAPIManager.swift in Sources */ = {isa = PBXBuildFile; fileRef = 8762C1AD1C4B61B900D66EA5 /* GitHubAPIManager.swift */; };
		8762C1B01C4B62FE00D66EA5 /* GistRouter.swift in Sources */ = {isa = PBXBuildFile; fileRef = 8762C1AF1C4B62FE00D66EA5 /* GistRouter.swift */; };
		8762C1B21C4B667E00D66EA5 /* Gist.swift in Sources */ = {isa = PBXBuildFile; fileRef = 8762C1B11C4B667E00D66EA5 /* Gist.swift */; };
		D8234CE0044F0B5E1C6BCC3D /* Pods_RestApiToTableView.framework in Frameworks */ = {isa = PBXBuildFile; fileRef = 802785CA79AD747A79DA8AC3 /* Pods_RestApiToTableView.framework */; };
/* End PBXBuildFile section */

/* Begin PBXFileReference section */
		624185604DA48A1BD38E658B /* Pods-RestApiToTableView.release.xcconfig */ = {isa = PBXFileReference; includeInIndex = 1; lastKnownFileType = text.xcconfig; name = "Pods-RestApiToTableView.release.xcconfig"; path = "Pods/Target Support Files/Pods-RestApiToTableView/Pods-RestApiToTableView.release.xcconfig"; sourceTree = "<group>"; };
		802785CA79AD747A79DA8AC3 /* Pods_RestApiToTableView.framework */ = {isa = PBXFileReference; explicitFileType = wrapper.framework; includeInIndex = 0; path = Pods_RestApiToTableView.framework; sourceTree = BUILT_PRODUCTS_DIR; };
		80BAFBD0E7D01FA38A786C58 /* Pods-RestApiToTableView.debug.xcconfig */ = {isa = PBXFileReference; includeInIndex = 1; lastKnownFileType = text.xcconfig; name = "Pods-RestApiToTableView.debug.xcconfig"; path = "Pods/Target Support Files/Pods-RestApiToTableView/Pods-RestApiToTableView.debug.xcconfig"; sourceTree = "<group>"; };
		8719A4841C4C090000B5AD1C /* ResponseJSONObjectSerializable.swift */ = {isa = PBXFileReference; fileEncoding = 4; lastKnownFileType = sourcecode.swift; path = ResponseJSONObjectSerializable.swift; sourceTree = "<group>"; };
		8719A4881C4C67C700B5AD1C /* AlamofireRequest+JSONSerializable.swift */ = {isa = PBXFileReference; fileEncoding = 4; lastKnownFileType = sourcecode.swift; path = "AlamofireRequest+JSONSerializable.swift"; sourceTree = "<group>"; };
		8762C1961C4B5DB000D66EA5 /* RestApiToTableView.app */ = {isa = PBXFileReference; explicitFileType = wrapper.application; includeInIndex = 0; path = RestApiToTableView.app; sourceTree = BUILT_PRODUCTS_DIR; };
		8762C1991C4B5DB000D66EA5 /* AppDelegate.swift */ = {isa = PBXFileReference; lastKnownFileType = sourcecode.swift; path = AppDelegate.swift; sourceTree = "<group>"; };
		8762C19B1C4B5DB000D66EA5 /* MasterViewController.swift */ = {isa = PBXFileReference; lastKnownFileType = sourcecode.swift; path = MasterViewController.swift; sourceTree = "<group>"; };
		8762C19D1C4B5DB000D66EA5 /* DetailViewController.swift */ = {isa = PBXFileReference; lastKnownFileType = sourcecode.swift; path = DetailViewController.swift; sourceTree = "<group>"; };
		8762C1A01C4B5DB000D66EA5 /* Base */ = {isa = PBXFileReference; lastKnownFileType = file.storyboard; name = Base; path = Base.lproj/Main.storyboard; sourceTree = "<group>"; };
		8762C1A21C4B5DB000D66EA5 /* Assets.xcassets */ = {isa = PBXFileReference; lastKnownFileType = folder.assetcatalog; path = Assets.xcassets; sourceTree = "<group>"; };
		8762C1A51C4B5DB000D66EA5 /* Base */ = {isa = PBXFileReference; lastKnownFileType = file.storyboard; name = Base; path = Base.lproj/LaunchScreen.storyboard; sourceTree = "<group>"; };
		8762C1A71C4B5DB000D66EA5 /* Info.plist */ = {isa = PBXFileReference; lastKnownFileType = text.plist.xml; path = Info.plist; sourceTree = "<group>"; };
		8762C1AD1C4B61B900D66EA5 /* GitHubAPIManager.swift */ = {isa = PBXFileReference; fileEncoding = 4; lastKnownFileType = sourcecode.swift; path = GitHubAPIManager.swift; sourceTree = "<group>"; };
		8762C1AF1C4B62FE00D66EA5 /* GistRouter.swift */ = {isa = PBXFileReference; fileEncoding = 4; lastKnownFileType = sourcecode.swift; path = GistRouter.swift; sourceTree = "<group>"; };
		8762C1B11C4B667E00D66EA5 /* Gist.swift */ = {isa = PBXFileReference; fileEncoding = 4; lastKnownFileType = sourcecode.swift; path = Gist.swift; sourceTree = "<group>"; };
/* End PBXFileReference section */

/* Begin PBXFrameworksBuildPhase section */
		8762C1931C4B5DB000D66EA5 /* Frameworks */ = {
			isa = PBXFrameworksBuildPhase;
			buildActionMask = 2147483647;
			files = (
				D8234CE0044F0B5E1C6BCC3D /* Pods_RestApiToTableView.framework in Frameworks */,
			);
			runOnlyForDeploymentPostprocessing = 0;
		};
/* End PBXFrameworksBuildPhase section */

/* Begin PBXGroup section */
		1DAE0CE12DDB8F8D50112BCD /* Pods */ = {
			isa = PBXGroup;
			children = (
				80BAFBD0E7D01FA38A786C58 /* Pods-RestApiToTableView.debug.xcconfig */,
				624185604DA48A1BD38E658B /* Pods-RestApiToTableView.release.xcconfig */,
			);
			name = Pods;
			sourceTree = "<group>";
		};
		8762C18D1C4B5DB000D66EA5 = {
			isa = PBXGroup;
			children = (
				8762C1981C4B5DB000D66EA5 /* RestApiToTableView */,
				8762C1971C4B5DB000D66EA5 /* Products */,
				1DAE0CE12DDB8F8D50112BCD /* Pods */,
				D2365B19A356475069D042F3 /* Frameworks */,
			);
			sourceTree = "<group>";
		};
		8762C1971C4B5DB000D66EA5 /* Products */ = {
			isa = PBXGroup;
			children = (
				8762C1961C4B5DB000D66EA5 /* RestApiToTableView.app */,
			);
			name = Products;
			sourceTree = "<group>";
		};
		8762C1981C4B5DB000D66EA5 /* RestApiToTableView */ = {
			isa = PBXGroup;
			children = (
				8762C1991C4B5DB000D66EA5 /* AppDelegate.swift */,
				8762C19B1C4B5DB000D66EA5 /* MasterViewController.swift */,
				8719A4841C4C090000B5AD1C /* ResponseJSONObjectSerializable.swift */,
				8719A4881C4C67C700B5AD1C /* AlamofireRequest+JSONSerializable.swift */,
				8762C1B11C4B667E00D66EA5 /* Gist.swift */,
				8762C19D1C4B5DB000D66EA5 /* DetailViewController.swift */,
				8762C19F1C4B5DB000D66EA5 /* Main.storyboard */,
				8762C1A21C4B5DB000D66EA5 /* Assets.xcassets */,
				8762C1A41C4B5DB000D66EA5 /* LaunchScreen.storyboard */,
				8762C1A71C4B5DB000D66EA5 /* Info.plist */,
				8762C1AD1C4B61B900D66EA5 /* GitHubAPIManager.swift */,
				8762C1AF1C4B62FE00D66EA5 /* GistRouter.swift */,
			);
			path = RestApiToTableView;
			sourceTree = "<group>";
		};
		D2365B19A356475069D042F3 /* Frameworks */ = {
			isa = PBXGroup;
			children = (
				802785CA79AD747A79DA8AC3 /* Pods_RestApiToTableView.framework */,
			);
			name = Frameworks;
			sourceTree = "<group>";
		};
/* End PBXGroup section */

/* Begin PBXNativeTarget section */
		8762C1951C4B5DB000D66EA5 /* RestApiToTableView */ = {
			isa = PBXNativeTarget;
			buildConfigurationList = 8762C1AA1C4B5DB000D66EA5 /* Build configuration list for PBXNativeTarget "RestApiToTableView" */;
			buildPhases = (
				C56CE80A8850AC13B0C2D617 /* Check Pods Manifest.lock */,
				8762C1921C4B5DB000D66EA5 /* Sources */,
				8762C1931C4B5DB000D66EA5 /* Frameworks */,
				8762C1941C4B5DB000D66EA5 /* Resources */,
				E3BDBB2A4E8FF8F0F366AE93 /* Embed Pods Frameworks */,
				8650C03F04BA7B0E5090706A /* Copy Pods Resources */,
			);
			buildRules = (
			);
			dependencies = (
			);
			name = RestApiToTableView;
			productName = RestApiToTableView;
			productReference = 8762C1961C4B5DB000D66EA5 /* RestApiToTableView.app */;
			productType = "com.apple.product-type.application";
		};
/* End PBXNativeTarget section */

/* Begin PBXProject section */
		8762C18E1C4B5DB000D66EA5 /* Project object */ = {
			isa = PBXProject;
			attributes = {
				LastSwiftUpdateCheck = 0720;
				LastUpgradeCheck = 0720;
				ORGANIZATIONNAME = "Jian Su";
				TargetAttributes = {
					8762C1951C4B5DB000D66EA5 = {
						CreatedOnToolsVersion = 7.2;
					};
				};
			};
			buildConfigurationList = 8762C1911C4B5DB000D66EA5 /* Build configuration list for PBXProject "RestApiToTableView" */;
			compatibilityVersion = "Xcode 3.2";
			developmentRegion = English;
			hasScannedForEncodings = 0;
			knownRegions = (
				en,
				Base,
			);
			mainGroup = 8762C18D1C4B5DB000D66EA5;
			productRefGroup = 8762C1971C4B5DB000D66EA5 /* Products */;
			projectDirPath = "";
			projectRoot = "";
			targets = (
				8762C1951C4B5DB000D66EA5 /* RestApiToTableView */,
			);
		};
/* End PBXProject section */

/* Begin PBXResourcesBuildPhase section */
		8762C1941C4B5DB000D66EA5 /* Resources */ = {
			isa = PBXResourcesBuildPhase;
			buildActionMask = 2147483647;
			files = (
				8762C1A61C4B5DB000D66EA5 /* LaunchScreen.storyboard in Resources */,
				8762C1A31C4B5DB000D66EA5 /* Assets.xcassets in Resources */,
				8762C1A11C4B5DB000D66EA5 /* Main.storyboard in Resources */,
			);
			runOnlyForDeploymentPostprocessing = 0;
		};
/* End PBXResourcesBuildPhase section */

/* Begin PBXShellScriptBuildPhase section */
		8650C03F04BA7B0E5090706A /* Copy Pods Resources */ = {
			isa = PBXShellScriptBuildPhase;
			buildActionMask = 2147483647;
			files = (
			);
			inputPaths = (
			);
			name = "Copy Pods Resources";
			outputPaths = (
			);
			runOnlyForDeploymentPostprocessing = 0;
			shellPath = /bin/sh;
			shellScript = "\"${SRCROOT}/Pods/Target Support Files/Pods-RestApiToTableView/Pods-RestApiToTableView-resources.sh\"\n";
			showEnvVarsInLog = 0;
		};
		C56CE80A8850AC13B0C2D617 /* Check Pods Manifest.lock */ = {
			isa = PBXShellScriptBuildPhase;
			buildActionMask = 2147483647;
			files = (
			);
			inputPaths = (
			);
			name = "Check Pods Manifest.lock";
			outputPaths = (
			);
			runOnlyForDeploymentPostprocessing = 0;
			shellPath = /bin/sh;
			shellScript = "diff \"${PODS_ROOT}/../Podfile.lock\" \"${PODS_ROOT}/Manifest.lock\" > /dev/null\nif [[ $? != 0 ]] ; then\n    cat << EOM\nerror: The sandbox is not in sync with the Podfile.lock. Run 'pod install' or update your CocoaPods installation.\nEOM\n    exit 1\nfi\n";
			showEnvVarsInLog = 0;
		};
		E3BDBB2A4E8FF8F0F366AE93 /* Embed Pods Frameworks */ = {
			isa = PBXShellScriptBuildPhase;
			buildActionMask = 2147483647;
			files = (
			);
			inputPaths = (
			);
			name = "Embed Pods Frameworks";
			outputPaths = (
			);
			runOnlyForDeploymentPostprocessing = 0;
			shellPath = /bin/sh;
			shellScript = "\"${SRCROOT}/Pods/Target Support Files/Pods-RestApiToTableView/Pods-RestApiToTableView-frameworks.sh\"\n";
			showEnvVarsInLog = 0;
		};
/* End PBXShellScriptBuildPhase section */

/* Begin PBXSourcesBuildPhase section */
		8762C1921C4B5DB000D66EA5 /* Sources */ = {
			isa = PBXSourcesBuildPhase;
			buildActionMask = 2147483647;
			files = (
				8762C19E1C4B5DB000D66EA5 /* DetailViewController.swift in Sources */,
				8762C1AE1C4B61B900D66EA5 /* GitHubAPIManager.swift in Sources */,
				8719A4851C4C090100B5AD1C /* ResponseJSONObjectSerializable.swift in Sources */,
				8762C1B21C4B667E00D66EA5 /* Gist.swift in Sources */,
				8762C19C1C4B5DB000D66EA5 /* MasterViewController.swift in Sources */,
				8762C1B01C4B62FE00D66EA5 /* GistRouter.swift in Sources */,
				8762C19A1C4B5DB000D66EA5 /* AppDelegate.swift in Sources */,
				8719A4891C4C67C700B5AD1C /* AlamofireRequest+JSONSerializable.swift in Sources */,
			);
			runOnlyForDeploymentPostprocessing = 0;
		};
/* End PBXSourcesBuildPhase section */

/* Begin PBXVariantGroup section */
		8762C19F1C4B5DB000D66EA5 /* Main.storyboard */ = {
			isa = PBXVariantGroup;
			children = (
				8762C1A01C4B5DB000D66EA5 /* Base */,
			);
			name = Main.storyboard;
			sourceTree = "<group>";
		};
		8762C1A41C4B5DB000D66EA5 /* LaunchScreen.storyboard */ = {
			isa = PBXVariantGroup;
			children = (
				8762C1A51C4B5DB000D66EA5 /* Base */,
			);
			name = LaunchScreen.storyboard;
			sourceTree = "<group>";
		};
/* End PBXVariantGroup section */

/* Begin XCBuildConfiguration section */
		8762C1A81C4B5DB000D66EA5 /* Debug */ = {
			isa = XCBuildConfiguration;
			buildSettings = {
				ALWAYS_SEARCH_USER_PATHS = NO;
				CLANG_CXX_LANGUAGE_STANDARD = "gnu++0x";
				CLANG_CXX_LIBRARY = "libc++";
				CLANG_ENABLE_MODULES = YES;
				CLANG_ENABLE_OBJC_ARC = YES;
				CLANG_WARN_BOOL_CONVERSION = YES;
				CLANG_WARN_CONSTANT_CONVERSION = YES;
				CLANG_WARN_DIRECT_OBJC_ISA_USAGE = YES_ERROR;
				CLANG_WARN_EMPTY_BODY = YES;
				CLANG_WARN_ENUM_CONVERSION = YES;
				CLANG_WARN_INT_CONVERSION = YES;
				CLANG_WARN_OBJC_ROOT_CLASS = YES_ERROR;
				CLANG_WARN_UNREACHABLE_CODE = YES;
				CLANG_WARN__DUPLICATE_METHOD_MATCH = YES;
				"CODE_SIGN_IDENTITY[sdk=iphoneos*]" = "iPhone Developer";
				COPY_PHASE_STRIP = NO;
				DEBUG_INFORMATION_FORMAT = dwarf;
				ENABLE_STRICT_OBJC_MSGSEND = YES;
				ENABLE_TESTABILITY = YES;
				GCC_C_LANGUAGE_STANDARD = gnu99;
				GCC_DYNAMIC_NO_PIC = NO;
				GCC_NO_COMMON_BLOCKS = YES;
				GCC_OPTIMIZATION_LEVEL = 0;
				GCC_PREPROCESSOR_DEFINITIONS = (
					"DEBUG=1",
					"$(inherited)",
				);
				GCC_WARN_64_TO_32_BIT_CONVERSION = YES;
				GCC_WARN_ABOUT_RETURN_TYPE = YES_ERROR;
				GCC_WARN_UNDECLARED_SELECTOR = YES;
				GCC_WARN_UNINITIALIZED_AUTOS = YES_AGGRESSIVE;
				GCC_WARN_UNUSED_FUNCTION = YES;
				GCC_WARN_UNUSED_VARIABLE = YES;
				IPHONEOS_DEPLOYMENT_TARGET = 9.2;
				MTL_ENABLE_DEBUG_INFO = YES;
				ONLY_ACTIVE_ARCH = YES;
				SDKROOT = iphoneos;
				SWIFT_OPTIMIZATION_LEVEL = "-Onone";
				TARGETED_DEVICE_FAMILY = "1,2";
			};
			name = Debug;
		};
		8762C1A91C4B5DB000D66EA5 /* Release */ = {
			isa = XCBuildConfiguration;
			buildSettings = {
				ALWAYS_SEARCH_USER_PATHS = NO;
				CLANG_CXX_LANGUAGE_STANDARD = "gnu++0x";
				CLANG_CXX_LIBRARY = "libc++";
				CLANG_ENABLE_MODULES = YES;
				CLANG_ENABLE_OBJC_ARC = YES;
				CLANG_WARN_BOOL_CONVERSION = YES;
				CLANG_WARN_CONSTANT_CONVERSION = YES;
				CLANG_WARN_DIRECT_OBJC_ISA_USAGE = YES_ERROR;
				CLANG_WARN_EMPTY_BODY = YES;
				CLANG_WARN_ENUM_CONVERSION = YES;
				CLANG_WARN_INT_CONVERSION = YES;
				CLANG_WARN_OBJC_ROOT_CLASS = YES_ERROR;
				CLANG_WARN_UNREACHABLE_CODE = YES;
				CLANG_WARN__DUPLICATE_METHOD_MATCH = YES;
				"CODE_SIGN_IDENTITY[sdk=iphoneos*]" = "iPhone Developer";
				COPY_PHASE_STRIP = NO;
				DEBUG_INFORMATION_FORMAT = "dwarf-with-dsym";
				ENABLE_NS_ASSERTIONS = NO;
				ENABLE_STRICT_OBJC_MSGSEND = YES;
				GCC_C_LANGUAGE_STANDARD = gnu99;
				GCC_NO_COMMON_BLOCKS = YES;
				GCC_WARN_64_TO_32_BIT_CONVERSION = YES;
				GCC_WARN_ABOUT_RETURN_TYPE = YES_ERROR;
				GCC_WARN_UNDECLARED_SELECTOR = YES;
				GCC_WARN_UNINITIALIZED_AUTOS = YES_AGGRESSIVE;
				GCC_WARN_UNUSED_FUNCTION = YES;
				GCC_WARN_UNUSED_VARIABLE = YES;
				IPHONEOS_DEPLOYMENT_TARGET = 9.2;
				MTL_ENABLE_DEBUG_INFO = NO;
				SDKROOT = iphoneos;
				TARGETED_DEVICE_FAMILY = "1,2";
				VALIDATE_PRODUCT = YES;
			};
			name = Release;
		};
		8762C1AB1C4B5DB000D66EA5 /* Debug */ = {
			isa = XCBuildConfiguration;
			baseConfigurationReference = 80BAFBD0E7D01FA38A786C58 /* Pods-RestApiToTableView.debug.xcconfig */;
			buildSettings = {
				ASSETCATALOG_COMPILER_APPICON_NAME = AppIcon;
				INFOPLIST_FILE = RestApiToTableView/Info.plist;
				LD_RUNPATH_SEARCH_PATHS = "$(inherited) @executable_path/Frameworks";
				PRODUCT_BUNDLE_IDENTIFIER = org.xzerox.RestApiToTableView;
				PRODUCT_NAME = "$(TARGET_NAME)";
			};
			name = Debug;
		};
		8762C1AC1C4B5DB000D66EA5 /* Release */ = {
			isa = XCBuildConfiguration;
			baseConfigurationReference = 624185604DA48A1BD38E658B /* Pods-RestApiToTableView.release.xcconfig */;
			buildSettings = {
				ASSETCATALOG_COMPILER_APPICON_NAME = AppIcon;
				INFOPLIST_FILE = RestApiToTableView/Info.plist;
				LD_RUNPATH_SEARCH_PATHS = "$(inherited) @executable_path/Frameworks";
				PRODUCT_BUNDLE_IDENTIFIER = org.xzerox.RestApiToTableView;
				PRODUCT_NAME = "$(TARGET_NAME)";
			};
			name = Release;
		};
/* End XCBuildConfiguration section */

/* Begin XCConfigurationList section */
		8762C1911C4B5DB000D66EA5 /* Build configuration list for PBXProject "RestApiToTableView" */ = {
			isa = XCConfigurationList;
			buildConfigurations = (
				8762C1A81C4B5DB000D66EA5 /* Debug */,
				8762C1A91C4B5DB000D66EA5 /* Release */,
			);
			defaultConfigurationIsVisible = 0;
			defaultConfigurationName = Release;
		};
		8762C1AA1C4B5DB000D66EA5 /* Build configuration list for PBXNativeTarget "RestApiToTableView" */ = {
			isa = XCConfigurationList;
			buildConfigurations = (
				8762C1AB1C4B5DB000D66EA5 /* Debug */,
				8762C1AC1C4B5DB000D66EA5 /* Release */,
			);
			defaultConfigurationIsVisible = 0;
			defaultConfigurationName = Release;
		};
/* End XCConfigurationList section */
	};
	rootObject = 8762C18E1C4B5DB000D66EA5 /* Project object */;
}
