// !$*UTF8*$!
{
	archiveVersion = 1;
	classes = {
	};
	objectVersion = 46;
	objects = {

/* Begin PBXBuildFile section */
		87F072B71B6736DD00A904D6 /* main.m in Sources */ = {isa = PBXBuildFile; fileRef = 87F072B61B6736DD00A904D6 /* main.m */; };
		87F072BA1B6736DD00A904D6 /* AppDelegate.m in Sources */ = {isa = PBXBuildFile; fileRef = 87F072B91B6736DD00A904D6 /* AppDelegate.m */; };
		87F072BD1B6736DD00A904D6 /* ViewController.m in Sources */ = {isa = PBXBuildFile; fileRef = 87F072BC1B6736DD00A904D6 /* ViewController.m */; };
		87F072C01B6736DD00A904D6 /* Main.storyboard in Resources */ = {isa = PBXBuildFile; fileRef = 87F072BE1B6736DD00A904D6 /* Main.storyboard */; };
		87F072C21B6736DD00A904D6 /* Images.xcassets in Resources */ = {isa = PBXBuildFile; fileRef = 87F072C11B6736DD00A904D6 /* Images.xcassets */; };
		87F072C51B6736DD00A904D6 /* LaunchScreen.xib in Resources */ = {isa = PBXBuildFile; fileRef = 87F072C31B6736DD00A904D6 /* LaunchScreen.xib */; };
		87F072D11B6736DD00A904D6 /* MyFirstApplicationTests.m in Sources */ = {isa = PBXBuildFile; fileRef = 87F072D01B6736DD00A904D6 /* MyFirstApplicationTests.m */; };
/* End PBXBuildFile section */

/* Begin PBXContainerItemProxy section */
		87F072CB1B6736DD00A904D6 /* PBXContainerItemProxy */ = {
			isa = PBXContainerItemProxy;
			containerPortal = 87F072A91B6736DD00A904D6 /* Project object */;
			proxyType = 1;
			remoteGlobalIDString = 87F072B01B6736DD00A904D6;
			remoteInfo = MyFirstApplication;
		};
/* End PBXContainerItemProxy section */

/* Begin PBXFileReference section */
		87F072B11B6736DD00A904D6 /* MyFirstApplication.app */ = {isa = PBXFileReference; explicitFileType = wrapper.application; includeInIndex = 0; path = MyFirstApplication.app; sourceTree = BUILT_PRODUCTS_DIR; };
		87F072B51B6736DD00A904D6 /* Info.plist */ = {isa = PBXFileReference; lastKnownFileType = text.plist.xml; path = Info.plist; sourceTree = "<group>"; };
		87F072B61B6736DD00A904D6 /* main.m */ = {isa = PBXFileReference; lastKnownFileType = sourcecode.c.objc; path = main.m; sourceTree = "<group>"; };
		87F072B81B6736DD00A904D6 /* AppDelegate.h */ = {isa = PBXFileReference; lastKnownFileType = sourcecode.c.h; path = AppDelegate.h; sourceTree = "<group>"; };
		87F072B91B6736DD00A904D6 /* AppDelegate.m */ = {isa = PBXFileReference; lastKnownFileType = sourcecode.c.objc; path = AppDelegate.m; sourceTree = "<group>"; };
		87F072BB1B6736DD00A904D6 /* ViewController.h */ = {isa = PBXFileReference; lastKnownFileType = sourcecode.c.h; path = ViewController.h; sourceTree = "<group>"; };
		87F072BC1B6736DD00A904D6 /* ViewController.m */ = {isa = PBXFileReference; lastKnownFileType = sourcecode.c.objc; path = ViewController.m; sourceTree = "<group>"; };
		87F072BF1B6736DD00A904D6 /* Base */ = {isa = PBXFileReference; lastKnownFileType = file.storyboard; name = Base; path = Base.lproj/Main.storyboard; sourceTree = "<group>"; };
		87F072C11B6736DD00A904D6 /* Images.xcassets */ = {isa = PBXFileReference; lastKnownFileType = folder.assetcatalog; path = Images.xcassets; sourceTree = "<group>"; };
		87F072C41B6736DD00A904D6 /* Base */ = {isa = PBXFileReference; lastKnownFileType = file.xib; name = Base; path = Base.lproj/LaunchScreen.xib; sourceTree = "<group>"; };
		87F072CA1B6736DD00A904D6 /* MyFirstApplicationTests.xctest */ = {isa = PBXFileReference; explicitFileType = wrapper.cfbundle; includeInIndex = 0; path = MyFirstApplicationTests.xctest; sourceTree = BUILT_PRODUCTS_DIR; };
		87F072CF1B6736DD00A904D6 /* Info.plist */ = {isa = PBXFileReference; lastKnownFileType = text.plist.xml; path = Info.plist; sourceTree = "<group>"; };
		87F072D01B6736DD00A904D6 /* MyFirstApplicationTests.m */ = {isa = PBXFileReference; lastKnownFileType = sourcecode.c.objc; path = MyFirstApplicationTests.m; sourceTree = "<group>"; };
/* End PBXFileReference section */

/* Begin PBXFrameworksBuildPhase section */
		87F072AE1B6736DD00A904D6 /* Frameworks */ = {
			isa = PBXFrameworksBuildPhase;
			buildActionMask = 2147483647;
			files = (
			);
			runOnlyForDeploymentPostprocessing = 0;
		};
		87F072C71B6736DD00A904D6 /* Frameworks */ = {
			isa = PBXFrameworksBuildPhase;
			buildActionMask = 2147483647;
			files = (
			);
			runOnlyForDeploymentPostprocessing = 0;
		};
/* End PBXFrameworksBuildPhase section */

/* Begin PBXGroup section */
		87F072A81B6736DD00A904D6 = {
			isa = PBXGroup;
			children = (
				87F072B31B6736DD00A904D6 /* MyFirstApplication */,
				87F072CD1B6736DD00A904D6 /* MyFirstApplicationTests */,
				87F072B21B6736DD00A904D6 /* Products */,
			);
			sourceTree = "<group>";
		};
		87F072B21B6736DD00A904D6 /* Products */ = {
			isa = PBXGroup;
			children = (
				87F072B11B6736DD00A904D6 /* MyFirstApplication.app */,
				87F072CA1B6736DD00A904D6 /* MyFirstApplicationTests.xctest */,
			);
			name = Products;
			sourceTree = "<group>";
		};
		87F072B31B6736DD00A904D6 /* MyFirstApplication */ = {
			isa = PBXGroup;
			children = (
				87F072B81B6736DD00A904D6 /* AppDelegate.h */,
				87F072B91B6736DD00A904D6 /* AppDelegate.m */,
				87F072BB1B6736DD00A904D6 /* ViewController.h */,
				87F072BC1B6736DD00A904D6 /* ViewController.m */,
				87F072BE1B6736DD00A904D6 /* Main.storyboard */,
				87F072C11B6736DD00A904D6 /* Images.xcassets */,
				87F072C31B6736DD00A904D6 /* LaunchScreen.xib */,
				87F072B41B6736DD00A904D6 /* Supporting Files */,
			);
			path = MyFirstApplication;
			sourceTree = "<group>";
		};
		87F072B41B6736DD00A904D6 /* Supporting Files */ = {
			isa = PBXGroup;
			children = (
				87F072B51B6736DD00A904D6 /* Info.plist */,
				87F072B61B6736DD00A904D6 /* main.m */,
			);
			name = "Supporting Files";
			sourceTree = "<group>";
		};
		87F072CD1B6736DD00A904D6 /* MyFirstApplicationTests */ = {
			isa = PBXGroup;
			children = (
				87F072D01B6736DD00A904D6 /* MyFirstApplicationTests.m */,
				87F072CE1B6736DD00A904D6 /* Supporting Files */,
			);
			path = MyFirstApplicationTests;
			sourceTree = "<group>";
		};
		87F072CE1B6736DD00A904D6 /* Supporting Files */ = {
			isa = PBXGroup;
			children = (
				87F072CF1B6736DD00A904D6 /* Info.plist */,
			);
			name = "Supporting Files";
			sourceTree = "<group>";
		};
/* End PBXGroup section */

/* Begin PBXNativeTarget section */
		87F072B01B6736DD00A904D6 /* MyFirstApplication */ = {
			isa = PBXNativeTarget;
			buildConfigurationList = 87F072D41B6736DD00A904D6 /* Build configuration list for PBXNativeTarget "MyFirstApplication" */;
			buildPhases = (
				87F072AD1B6736DD00A904D6 /* Sources */,
				87F072AE1B6736DD00A904D6 /* Frameworks */,
				87F072AF1B6736DD00A904D6 /* Resources */,
			);
			buildRules = (
			);
			dependencies = (
			);
			name = MyFirstApplication;
			productName = MyFirstApplication;
			productReference = 87F072B11B6736DD00A904D6 /* MyFirstApplication.app */;
			productType = "com.apple.product-type.application";
		};
		87F072C91B6736DD00A904D6 /* MyFirstApplicationTests */ = {
			isa = PBXNativeTarget;
			buildConfigurationList = 87F072D71B6736DD00A904D6 /* Build configuration list for PBXNativeTarget "MyFirstApplicationTests" */;
			buildPhases = (
				87F072C61B6736DD00A904D6 /* Sources */,
				87F072C71B6736DD00A904D6 /* Frameworks */,
				87F072C81B6736DD00A904D6 /* Resources */,
			);
			buildRules = (
			);
			dependencies = (
				87F072CC1B6736DD00A904D6 /* PBXTargetDependency */,
			);
			name = MyFirstApplicationTests;
			productName = MyFirstApplicationTests;
			productReference = 87F072CA1B6736DD00A904D6 /* MyFirstApplicationTests.xctest */;
			productType = "com.apple.product-type.bundle.unit-test";
		};
/* End PBXNativeTarget section */

/* Begin PBXProject section */
		87F072A91B6736DD00A904D6 /* Project object */ = {
			isa = PBXProject;
			attributes = {
				LastUpgradeCheck = 0640;
				ORGANIZATIONNAME = "Jian Su";
				TargetAttributes = {
					87F072B01B6736DD00A904D6 = {
						CreatedOnToolsVersion = 6.4;
					};
					87F072C91B6736DD00A904D6 = {
						CreatedOnToolsVersion = 6.4;
						TestTargetID = 87F072B01B6736DD00A904D6;
					};
				};
			};
			buildConfigurationList = 87F072AC1B6736DD00A904D6 /* Build configuration list for PBXProject "MyFirstApplication" */;
			compatibilityVersion = "Xcode 3.2";
			developmentRegion = English;
			hasScannedForEncodings = 0;
			knownRegions = (
				en,
				Base,
			);
			mainGroup = 87F072A81B6736DD00A904D6;
			productRefGroup = 87F072B21B6736DD00A904D6 /* Products */;
			projectDirPath = "";
			projectRoot = "";
			targets = (
				87F072B01B6736DD00A904D6 /* MyFirstApplication */,
				87F072C91B6736DD00A904D6 /* MyFirstApplicationTests */,
			);
		};
/* End PBXProject section */

/* Begin PBXResourcesBuildPhase section */
		87F072AF1B6736DD00A904D6 /* Resources */ = {
			isa = PBXResourcesBuildPhase;
			buildActionMask = 2147483647;
			files = (
				87F072C01B6736DD00A904D6 /* Main.storyboard in Resources */,
				87F072C51B6736DD00A904D6 /* LaunchScreen.xib in Resources */,
				87F072C21B6736DD00A904D6 /* Images.xcassets in Resources */,
			);
			runOnlyForDeploymentPostprocessing = 0;
		};
		87F072C81B6736DD00A904D6 /* Resources */ = {
			isa = PBXResourcesBuildPhase;
			buildActionMask = 2147483647;
			files = (
			);
			runOnlyForDeploymentPostprocessing = 0;
		};
/* End PBXResourcesBuildPhase section */

/* Begin PBXSourcesBuildPhase section */
		87F072AD1B6736DD00A904D6 /* Sources */ = {
			isa = PBXSourcesBuildPhase;
			buildActionMask = 2147483647;
			files = (
				87F072BD1B6736DD00A904D6 /* ViewController.m in Sources */,
				87F072BA1B6736DD00A904D6 /* AppDelegate.m in Sources */,
				87F072B71B6736DD00A904D6 /* main.m in Sources */,
			);
			runOnlyForDeploymentPostprocessing = 0;
		};
		87F072C61B6736DD00A904D6 /* Sources */ = {
			isa = PBXSourcesBuildPhase;
			buildActionMask = 2147483647;
			files = (
				87F072D11B6736DD00A904D6 /* MyFirstApplicationTests.m in Sources */,
			);
			runOnlyForDeploymentPostprocessing = 0;
		};
/* End PBXSourcesBuildPhase section */

/* Begin PBXTargetDependency section */
		87F072CC1B6736DD00A904D6 /* PBXTargetDependency */ = {
			isa = PBXTargetDependency;
			target = 87F072B01B6736DD00A904D6 /* MyFirstApplication */;
			targetProxy = 87F072CB1B6736DD00A904D6 /* PBXContainerItemProxy */;
		};
/* End PBXTargetDependency section */

/* Begin PBXVariantGroup section */
		87F072BE1B6736DD00A904D6 /* Main.storyboard */ = {
			isa = PBXVariantGroup;
			children = (
				87F072BF1B6736DD00A904D6 /* Base */,
			);
			name = Main.storyboard;
			sourceTree = "<group>";
		};
		87F072C31B6736DD00A904D6 /* LaunchScreen.xib */ = {
			isa = PBXVariantGroup;
			children = (
				87F072C41B6736DD00A904D6 /* Base */,
			);
			name = LaunchScreen.xib;
			sourceTree = "<group>";
		};
/* End PBXVariantGroup section */

/* Begin XCBuildConfiguration section */
		87F072D21B6736DD00A904D6 /* Debug */ = {
			isa = XCBuildConfiguration;
			buildSettings = {
				ALWAYS_SEARCH_USER_PATHS = NO;
				CLANG_CXX_LANGUAGE_STANDARD = "gnu++0x";
				CLANG_CXX_LIBRARY = "libc++";
				CLANG_ENABLE_MODULES = YES;
				CLANG_ENABLE_OBJC_ARC = YES;
				CLANG_WARN_BOOL_CONVERSION = YES;
				CLANG_WARN_CONSTANT_CONVERSION = YES;
				CLANG_WARN_DIRECT_OBJC_ISA_USAGE = YES_ERROR;
				CLANG_WARN_EMPTY_BODY = YES;
				CLANG_WARN_ENUM_CONVERSION = YES;
				CLANG_WARN_INT_CONVERSION = YES;
				CLANG_WARN_OBJC_ROOT_CLASS = YES_ERROR;
				CLANG_WARN_UNREACHABLE_CODE = YES;
				CLANG_WARN__DUPLICATE_METHOD_MATCH = YES;
				"CODE_SIGN_IDENTITY[sdk=iphoneos*]" = "iPhone Developer";
				COPY_PHASE_STRIP = NO;
				DEBUG_INFORMATION_FORMAT = "dwarf-with-dsym";
				ENABLE_STRICT_OBJC_MSGSEND = YES;
				GCC_C_LANGUAGE_STANDARD = gnu99;
				GCC_DYNAMIC_NO_PIC = NO;
				GCC_NO_COMMON_BLOCKS = YES;
				GCC_OPTIMIZATION_LEVEL = 0;
				GCC_PREPROCESSOR_DEFINITIONS = (
					"DEBUG=1",
					"$(inherited)",
				);
				GCC_SYMBOLS_PRIVATE_EXTERN = NO;
				GCC_WARN_64_TO_32_BIT_CONVERSION = YES;
				GCC_WARN_ABOUT_RETURN_TYPE = YES_ERROR;
				GCC_WARN_UNDECLARED_SELECTOR = YES;
				GCC_WARN_UNINITIALIZED_AUTOS = YES_AGGRESSIVE;
				GCC_WARN_UNUSED_FUNCTION = YES;
				GCC_WARN_UNUSED_VARIABLE = YES;
				IPHONEOS_DEPLOYMENT_TARGET = 8.4;
				MTL_ENABLE_DEBUG_INFO = YES;
				ONLY_ACTIVE_ARCH = YES;
				SDKROOT = iphoneos;
			};
			name = Debug;
		};
		87F072D31B6736DD00A904D6 /* Release */ = {
			isa = XCBuildConfiguration;
			buildSettings = {
				ALWAYS_SEARCH_USER_PATHS = NO;
				CLANG_CXX_LANGUAGE_STANDARD = "gnu++0x";
				CLANG_CXX_LIBRARY = "libc++";
				CLANG_ENABLE_MODULES = YES;
				CLANG_ENABLE_OBJC_ARC = YES;
				CLANG_WARN_BOOL_CONVERSION = YES;
				CLANG_WARN_CONSTANT_CONVERSION = YES;
				CLANG_WARN_DIRECT_OBJC_ISA_USAGE = YES_ERROR;
				CLANG_WARN_EMPTY_BODY = YES;
				CLANG_WARN_ENUM_CONVERSION = YES;
				CLANG_WARN_INT_CONVERSION = YES;
				CLANG_WARN_OBJC_ROOT_CLASS = YES_ERROR;
				CLANG_WARN_UNREACHABLE_CODE = YES;
				CLANG_WARN__DUPLICATE_METHOD_MATCH = YES;
				"CODE_SIGN_IDENTITY[sdk=iphoneos*]" = "iPhone Developer";
				COPY_PHASE_STRIP = NO;
				DEBUG_INFORMATION_FORMAT = "dwarf-with-dsym";
				ENABLE_NS_ASSERTIONS = NO;
				ENABLE_STRICT_OBJC_MSGSEND = YES;
				GCC_C_LANGUAGE_STANDARD = gnu99;
				GCC_NO_COMMON_BLOCKS = YES;
				GCC_WARN_64_TO_32_BIT_CONVERSION = YES;
				GCC_WARN_ABOUT_RETURN_TYPE = YES_ERROR;
				GCC_WARN_UNDECLARED_SELECTOR = YES;
				GCC_WARN_UNINITIALIZED_AUTOS = YES_AGGRESSIVE;
				GCC_WARN_UNUSED_FUNCTION = YES;
				GCC_WARN_UNUSED_VARIABLE = YES;
				IPHONEOS_DEPLOYMENT_TARGET = 8.4;
				MTL_ENABLE_DEBUG_INFO = NO;
				SDKROOT = iphoneos;
				VALIDATE_PRODUCT = YES;
			};
			name = Release;
		};
		87F072D51B6736DD00A904D6 /* Debug */ = {
			isa = XCBuildConfiguration;
			buildSettings = {
				ASSETCATALOG_COMPILER_APPICON_NAME = AppIcon;
				INFOPLIST_FILE = MyFirstApplication/Info.plist;
				LD_RUNPATH_SEARCH_PATHS = "$(inherited) @executable_path/Frameworks";
				PRODUCT_NAME = "$(TARGET_NAME)";
			};
			name = Debug;
		};
		87F072D61B6736DD00A904D6 /* Release */ = {
			isa = XCBuildConfiguration;
			buildSettings = {
				ASSETCATALOG_COMPILER_APPICON_NAME = AppIcon;
				INFOPLIST_FILE = MyFirstApplication/Info.plist;
				LD_RUNPATH_SEARCH_PATHS = "$(inherited) @executable_path/Frameworks";
				PRODUCT_NAME = "$(TARGET_NAME)";
			};
			name = Release;
		};
		87F072D81B6736DD00A904D6 /* Debug */ = {
			isa = XCBuildConfiguration;
			buildSettings = {
				BUNDLE_LOADER = "$(TEST_HOST)";
				FRAMEWORK_SEARCH_PATHS = (
					"$(SDKROOT)/Developer/Library/Frameworks",
					"$(inherited)",
				);
				GCC_PREPROCESSOR_DEFINITIONS = (
					"DEBUG=1",
					"$(inherited)",
				);
				INFOPLIST_FILE = MyFirstApplicationTests/Info.plist;
				LD_RUNPATH_SEARCH_PATHS = "$(inherited) @executable_path/Frameworks @loader_path/Frameworks";
				PRODUCT_NAME = "$(TARGET_NAME)";
				TEST_HOST = "$(BUILT_PRODUCTS_DIR)/MyFirstApplication.app/MyFirstApplication";
			};
			name = Debug;
		};
		87F072D91B6736DD00A904D6 /* Release */ = {
			isa = XCBuildConfiguration;
			buildSettings = {
				BUNDLE_LOADER = "$(TEST_HOST)";
				FRAMEWORK_SEARCH_PATHS = (
					"$(SDKROOT)/Developer/Library/Frameworks",
					"$(inherited)",
				);
				INFOPLIST_FILE = MyFirstApplicationTests/Info.plist;
				LD_RUNPATH_SEARCH_PATHS = "$(inherited) @executable_path/Frameworks @loader_path/Frameworks";
				PRODUCT_NAME = "$(TARGET_NAME)";
				TEST_HOST = "$(BUILT_PRODUCTS_DIR)/MyFirstApplication.app/MyFirstApplication";
			};
			name = Release;
		};
/* End XCBuildConfiguration section */

/* Begin XCConfigurationList section */
		87F072AC1B6736DD00A904D6 /* Build configuration list for PBXProject "MyFirstApplication" */ = {
			isa = XCConfigurationList;
			buildConfigurations = (
				87F072D21B6736DD00A904D6 /* Debug */,
				87F072D31B6736DD00A904D6 /* Release */,
			);
			defaultConfigurationIsVisible = 0;
			defaultConfigurationName = Release;
		};
		87F072D41B6736DD00A904D6 /* Build configuration list for PBXNativeTarget "MyFirstApplication" */ = {
			isa = XCConfigurationList;
			buildConfigurations = (
				87F072D51B6736DD00A904D6 /* Debug */,
				87F072D61B6736DD00A904D6 /* Release */,
			);
			defaultConfigurationIsVisible = 0;
		};
		87F072D71B6736DD00A904D6 /* Build configuration list for PBXNativeTarget "MyFirstApplicationTests" */ = {
			isa = XCConfigurationList;
			buildConfigurations = (
				87F072D81B6736DD00A904D6 /* Debug */,
				87F072D91B6736DD00A904D6 /* Release */,
			);
			defaultConfigurationIsVisible = 0;
		};
/* End XCConfigurationList section */
	};
	rootObject = 87F072A91B6736DD00A904D6 /* Project object */;
}
